<?xml version="1.0" encoding="UTF-8"?>
<Scheme
   LastUpgradeVersion = "1430"
   version = "1.7">
   <BuildAction
      parallelizeBuildables = "YES"
      buildImplicitDependencies = "YES">
      <BuildActionEntries>
         <BuildActionEntry
            buildForTesting = "YES"
            buildForRunning = "YES"
            buildForProfiling = "YES"
            buildForArchiving = "YES"
            buildForAnalyzing = "YES">
            <BuildableReference
               BuildableIdentifier = "primary"
               BlueprintIdentifier = "7D6734AE2A96334B00CBE9C1"
               BuildableName = "Chew-chew-SwiftUI.app"
               BlueprintName = "Chew-chew-SwiftUI"
               ReferencedContainer = "container:Chew-chew-SwiftUI.xcodeproj">
            </BuildableReference>
         </BuildActionEntry>
      </BuildActionEntries>
   </BuildAction>
   <TestAction
      buildConfiguration = "Debug"
      selectedDebuggerIdentifier = "Xcode.DebuggerFoundation.Debugger.LLDB"
      selectedLauncherIdentifier = "Xcode.DebuggerFoundation.Launcher.LLDB"
      shouldUseLaunchSchemeArgsEnv = "YES">
      <TestPlans>
         <TestPlanReference
            reference = "container:Chew-chew-SwiftUI/Test/Config/Tests.xctestplan"
            default = "YES">
         </TestPlanReference>
      </TestPlans>
      <Testables>
         <TestableReference
            skipped = "NO"
            parallelizable = "YES">
            <BuildableReference
               BuildableIdentifier = "primary"
               BlueprintIdentifier = "7D6734BE2A96334C00CBE9C1"
               BuildableName = "Chew-chew-SwiftUITests.xctest"
               BlueprintName = "Chew-chew-SwiftUITests"
               ReferencedContainer = "container:Chew-chew-SwiftUI.xcodeproj">
            </BuildableReference>
         </TestableReference>
         <TestableReference
            skipped = "YES"
            parallelizable = "YES">
            <BuildableReference
               BuildableIdentifier = "primary"
               BlueprintIdentifier = "7D6734C82A96334D00CBE9C1"
               BuildableName = "Chew-chew-SwiftUIUITests.xctest"
               BlueprintName = "Chew-chew-SwiftUIUITests"
               ReferencedContainer = "container:Chew-chew-SwiftUI.xcodeproj">
            </BuildableReference>
         </TestableReference>
         <TestableReference
            skipped = "NO"
            parallelizable = "YES">
            <BuildableReference
               BuildableIdentifier = "primary"
               BlueprintIdentifier = "7DFC91D52B13BE5000990A2F"
               BuildableName = "Chew-chew-UnitTests.xctest"
               BlueprintName = "Chew-chew-UnitTests"
               ReferencedContainer = "container:Chew-chew-SwiftUI.xcodeproj">
            </BuildableReference>
         </TestableReference>
         <TestableReference
            skipped = "NO"
            parallelizable = "YES">
            <BuildableReference
               BuildableIdentifier = "primary"
               BlueprintIdentifier = "7D932B9C2B14E46A00A1A390"
               BuildableName = "UnitTests.xctest"
               BlueprintName = "UnitTests"
               ReferencedContainer = "container:Chew-chew-SwiftUI.xcodeproj">
            </BuildableReference>
         </TestableReference>
         <TestableReference
            skipped = "NO"
            parallelizable = "YES">
            <BuildableReference
               BuildableIdentifier = "primary"
               BlueprintIdentifier = "7D3964FC2B188FB2008CD5FF"
               BuildableName = "UnitTesting.xctest"
               BlueprintName = "UnitTesting"
               ReferencedContainer = "container:Chew-chew-SwiftUI.xcodeproj">
            </BuildableReference>
         </TestableReference>
      </Testables>
   </TestAction>
   <LaunchAction
      buildConfiguration = "Debug"
      selectedDebuggerIdentifier = "Xcode.DebuggerFoundation.Debugger.LLDB"
      selectedLauncherIdentifier = "Xcode.DebuggerFoundation.Launcher.LLDB"
      region = "DE"
      launchStyle = "0"
      useCustomWorkingDirectory = "NO"
      ignoresPersistentStateOnLaunch = "NO"
      debugDocumentVersioning = "YES"
      debugServiceExtension = "internal"
      allowLocationSimulation = "YES"
      showNonLocalizedStrings = "YES">
      <BuildableProductRunnable
         runnableDebuggingMode = "0">
         <BuildableReference
            BuildableIdentifier = "primary"
            BlueprintIdentifier = "7D6734AE2A96334B00CBE9C1"
            BuildableName = "Chew-chew-SwiftUI.app"
            BlueprintName = "Chew-chew-SwiftUI"
            ReferencedContainer = "container:Chew-chew-SwiftUI.xcodeproj">
         </BuildableReference>
      </BuildableProductRunnable>
      <CommandLineArguments>
         <CommandLineArgument
            argument = " -com.apple.CoreData.SQLDebug 1"
            isEnabled = "NO">
         </CommandLineArgument>
         <CommandLineArgument
            argument = "-com.apple.CoreData.ConcurrencyDebug 1"
            isEnabled = "YES">
         </CommandLineArgument>
      </CommandLineArguments>
   </LaunchAction>
   <ProfileAction
      buildConfiguration = "Release"
      shouldUseLaunchSchemeArgsEnv = "YES"
      savedToolIdentifier = ""
      useCustomWorkingDirectory = "NO"
      debugDocumentVersioning = "YES">
      <BuildableProductRunnable
         runnableDebuggingMode = "0">
         <BuildableReference
            BuildableIdentifier = "primary"
            BlueprintIdentifier = "7D6734AE2A96334B00CBE9C1"
            BuildableName = "Chew-chew-SwiftUI.app"
            BlueprintName = "Chew-chew-SwiftUI"
            ReferencedContainer = "container:Chew-chew-SwiftUI.xcodeproj">
         </BuildableReference>
      </BuildableProductRunnable>
   </ProfileAction>
   <AnalyzeAction
      buildConfiguration = "Debug">
   </AnalyzeAction>
   <ArchiveAction
      buildConfiguration = "Release"
      revealArchiveInOrganizer = "YES">
   </ArchiveAction>
</Scheme>
