// !$*UTF8*$!
{
	archiveVersion = 1;
	classes = {
	};
	objectVersion = 56;
	objects = {

/* Begin PBXBuildFile section */
		7D000CF02AB86A4700566120 /* chewVM+sideEffect+userLocaiton.swift in Sources */ = {isa = PBXBuildFile; fileRef = 7D000CEF2AB86A4700566120 /* chewVM+sideEffect+userLocaiton.swift */; };
		7D000CF32AB86AD700566120 /* JourneyListViewModel+sideEffects+loadingJourneys.swift in Sources */ = {isa = PBXBuildFile; fileRef = 7D000CF22AB86AD700566120 /* JourneyListViewModel+sideEffects+loadingJourneys.swift */; };
		7D000CF72AB86BA500566120 /* JourneyListViewModel+sideEffects+loadingJourneysRef copy.swift in Sources */ = {isa = PBXBuildFile; fileRef = 7D000CF62AB86BA500566120 /* JourneyListViewModel+sideEffects+loadingJourneysRef copy.swift */; };
		7D000CF92AB8768400566120 /* JourneyDetailsViewHeader.swift in Sources */ = {isa = PBXBuildFile; fileRef = 7D000CF82AB8768400566120 /* JourneyDetailsViewHeader.swift */; };
		7D000CFB2AB87ACD00566120 /* NavigationLazyView.swift in Sources */ = {isa = PBXBuildFile; fileRef = 7D000CFA2AB87ACD00566120 /* NavigationLazyView.swift */; };
		7D02CE092A97E32D0048ADE6 /* DTO.swift in Sources */ = {isa = PBXBuildFile; fileRef = 7D02CE082A97E32D0048ADE6 /* DTO.swift */; };
		7D02CE102A97E4100048ADE6 /* ViewDataSource.swift in Sources */ = {isa = PBXBuildFile; fileRef = 7D02CE0F2A97E4100048ADE6 /* ViewDataSource.swift */; };
		7D02CE132A97E4700048ADE6 /* DateParcer.swift in Sources */ = {isa = PBXBuildFile; fileRef = 7D02CE122A97E4700048ADE6 /* DateParcer.swift */; };
		7D02CE152A97E4940048ADE6 /* Constants.swift in Sources */ = {isa = PBXBuildFile; fileRef = 7D02CE142A97E4940048ADE6 /* Constants.swift */; };
		7D02CE232A97E64E0048ADE6 /* Query.swift in Sources */ = {isa = PBXBuildFile; fileRef = 7D02CE222A97E64E0048ADE6 /* Query.swift */; };
		7D02CE252A97E6620048ADE6 /* Errors.swift in Sources */ = {isa = PBXBuildFile; fileRef = 7D02CE242A97E6620048ADE6 /* Errors.swift */; };
		7D02CE272A97E6790048ADE6 /* ApiService.swift in Sources */ = {isa = PBXBuildFile; fileRef = 7D02CE262A97E6790048ADE6 /* ApiService.swift */; };
		7D02CE2A2A97E80D0048ADE6 /* Collections in Frameworks */ = {isa = PBXBuildFile; productRef = 7D02CE292A97E80D0048ADE6 /* Collections */; };
		7D02CE2C2A97E80D0048ADE6 /* DequeModule in Frameworks */ = {isa = PBXBuildFile; productRef = 7D02CE2B2A97E80D0048ADE6 /* DequeModule */; };
		7D02CE2E2A97E80D0048ADE6 /* OrderedCollections in Frameworks */ = {isa = PBXBuildFile; productRef = 7D02CE2D2A97E80D0048ADE6 /* OrderedCollections */; };
		7D02CE302A97E96E0048ADE6 /* BadgeView.swift in Sources */ = {isa = PBXBuildFile; fileRef = 7D02CE2F2A97E96E0048ADE6 /* BadgeView.swift */; };
		7D02CE342A98E8130048ADE6 /* JourneysView.swift in Sources */ = {isa = PBXBuildFile; fileRef = 7D02CE332A98E8130048ADE6 /* JourneysView.swift */; };
		7D23E44A2A98F9800037C3E1 /* LegsView.swift in Sources */ = {isa = PBXBuildFile; fileRef = 7D23E4492A98F9800037C3E1 /* LegsView.swift */; };
		7D23E44C2A98FD700037C3E1 /* LegView.swift in Sources */ = {isa = PBXBuildFile; fileRef = 7D23E44B2A98FD700037C3E1 /* LegView.swift */; };
		7D3E5F012AB321580064213A /* LocationManager.swift in Sources */ = {isa = PBXBuildFile; fileRef = 7D3E5F002AB321580064213A /* LocationManager.swift */; };
		7D462D492AAC947F00BC0D65 /* JourneyListViewModel+reduce+LoadingJourneys.swift in Sources */ = {isa = PBXBuildFile; fileRef = 7D462D482AAC947F00BC0D65 /* JourneyListViewModel+reduce+LoadingJourneys.swift */; };
		7D462D4B2AAC948700BC0D65 /* JourneyListViewModel+reduce+JourneysLoaded.swift in Sources */ = {isa = PBXBuildFile; fileRef = 7D462D4A2AAC948700BC0D65 /* JourneyListViewModel+reduce+JourneysLoaded.swift */; };
		7D462D4F2AAC956B00BC0D65 /* JourneyListViewModel+reduce+FailedToLoadJourneys.swift in Sources */ = {isa = PBXBuildFile; fileRef = 7D462D4E2AAC956B00BC0D65 /* JourneyListViewModel+reduce+FailedToLoadJourneys.swift */; };
		7D462D522AAC96C000BC0D65 /* SearchStopsView+RightButton.swift in Sources */ = {isa = PBXBuildFile; fileRef = 7D462D512AAC96C000BC0D65 /* SearchStopsView+RightButton.swift */; };
		7D462D542AAC972200BC0D65 /* SearchStopsView+StopList.swift in Sources */ = {isa = PBXBuildFile; fileRef = 7D462D532AAC972200BC0D65 /* SearchStopsView+StopList.swift */; };
		7D462D5C2AACE5D100BC0D65 /* JourneyCell.swift in Sources */ = {isa = PBXBuildFile; fileRef = 7D462D5B2AACE5D100BC0D65 /* JourneyCell.swift */; };
		7D462D5E2AACEC5600BC0D65 /* constructJourneys+TimeLabel.swift in Sources */ = {isa = PBXBuildFile; fileRef = 7D462D5D2AACEC5600BC0D65 /* constructJourneys+TimeLabel.swift */; };
		7D462D602AACED6D00BC0D65 /* constructJourneys+Journey.swift in Sources */ = {isa = PBXBuildFile; fileRef = 7D462D5F2AACED6D00BC0D65 /* constructJourneys+Journey.swift */; };
		7D462D622AACEE2500BC0D65 /* constructJourneys+Leg.swift in Sources */ = {isa = PBXBuildFile; fileRef = 7D462D612AACEE2500BC0D65 /* constructJourneys+Leg.swift */; };
		7D4B1B8A2AA8CB460096F372 /* JourneyListViewModel+reduce.swift in Sources */ = {isa = PBXBuildFile; fileRef = 7D4B1B892AA8CB460096F372 /* JourneyListViewModel+reduce.swift */; };
		7D4B1B8C2AA8CB970096F372 /* JourneyListViewModel+sideEffects.swift in Sources */ = {isa = PBXBuildFile; fileRef = 7D4B1B8B2AA8CB970096F372 /* JourneyListViewModel+sideEffects.swift */; };
		7D4B1B8E2AA8CBB00096F372 /* JourneyListViewModel+state.swift in Sources */ = {isa = PBXBuildFile; fileRef = 7D4B1B8D2AA8CBB00096F372 /* JourneyListViewModel+state.swift */; };
		7D4B1B912AA8DB5B0096F372 /* SearchStopsView+TextField.swift in Sources */ = {isa = PBXBuildFile; fileRef = 7D4B1B902AA8DB5B0096F372 /* SearchStopsView+TextField.swift */; };
		7D4B1B932AA8FD9D0096F372 /* SearchLocationVM+reduce.swift in Sources */ = {isa = PBXBuildFile; fileRef = 7D4B1B922AA8FD9D0096F372 /* SearchLocationVM+reduce.swift */; };
		7D4B1B952AA8FDA20096F372 /* SearchLocationVM+state.swift in Sources */ = {isa = PBXBuildFile; fileRef = 7D4B1B942AA8FDA20096F372 /* SearchLocationVM+state.swift */; };
		7D4B1B972AA8FDDB0096F372 /* SearchLocationVM+sideEffect.swift in Sources */ = {isa = PBXBuildFile; fileRef = 7D4B1B962AA8FDDB0096F372 /* SearchLocationVM+sideEffect.swift */; };
		7D4B1B992AA950780096F372 /* constructJourneys.swift in Sources */ = {isa = PBXBuildFile; fileRef = 7D4B1B982AA950780096F372 /* constructJourneys.swift */; };
		7D62AF5D2AAA7BB800D3827D /* res.geojson in Resources */ = {isa = PBXBuildFile; fileRef = 7D62AF5C2AAA7BB800D3827D /* res.geojson */; };
		7D6734B32A96334B00CBE9C1 /* Chew_chew_SwiftUIApp.swift in Sources */ = {isa = PBXBuildFile; fileRef = 7D6734B22A96334B00CBE9C1 /* Chew_chew_SwiftUIApp.swift */; };
		7D6734B52A96334B00CBE9C1 /* ContentView.swift in Sources */ = {isa = PBXBuildFile; fileRef = 7D6734B42A96334B00CBE9C1 /* ContentView.swift */; };
		7D6734B72A96334C00CBE9C1 /* Assets.xcassets in Resources */ = {isa = PBXBuildFile; fileRef = 7D6734B62A96334C00CBE9C1 /* Assets.xcassets */; };
		7D6734BA2A96334C00CBE9C1 /* Preview Assets.xcassets in Resources */ = {isa = PBXBuildFile; fileRef = 7D6734B92A96334C00CBE9C1 /* Preview Assets.xcassets */; };
		7D6734C42A96334C00CBE9C1 /* Chew_chew_SwiftUITests.swift in Sources */ = {isa = PBXBuildFile; fileRef = 7D6734C32A96334C00CBE9C1 /* Chew_chew_SwiftUITests.swift */; };
		7D6734CE2A96334D00CBE9C1 /* Chew_chew_SwiftUIUITests.swift in Sources */ = {isa = PBXBuildFile; fileRef = 7D6734CD2A96334D00CBE9C1 /* Chew_chew_SwiftUIUITests.swift */; };
		7D6734D02A96334D00CBE9C1 /* Chew_chew_SwiftUIUITestsLaunchTests.swift in Sources */ = {isa = PBXBuildFile; fileRef = 7D6734CF2A96334D00CBE9C1 /* Chew_chew_SwiftUIUITestsLaunchTests.swift */; };
		7D6734DF2A96394E00CBE9C1 /* TimeChoosingView.swift in Sources */ = {isa = PBXBuildFile; fileRef = 7D6734DE2A96394E00CBE9C1 /* TimeChoosingView.swift */; };
		7D6C5C142AAF482D00DEFC57 /* chewVM.swift in Sources */ = {isa = PBXBuildFile; fileRef = 7D6C5C132AAF482D00DEFC57 /* chewVM.swift */; };
		7D6C5C162AAF485F00DEFC57 /* chewVM+sideEffect.swift in Sources */ = {isa = PBXBuildFile; fileRef = 7D6C5C152AAF485F00DEFC57 /* chewVM+sideEffect.swift */; };
		7D6C5C182AAF486700DEFC57 /* chewVM+state.swift in Sources */ = {isa = PBXBuildFile; fileRef = 7D6C5C172AAF486700DEFC57 /* chewVM+state.swift */; };
		7D6C5C1B2AAF495B00DEFC57 /* chewVM+reduce.swift in Sources */ = {isa = PBXBuildFile; fileRef = 7D6C5C1A2AAF495B00DEFC57 /* chewVM+reduce.swift */; };
		7D6C5C1F2AAF4ADC00DEFC57 /* chewVM+reduce+EditingArrivalStop.swift in Sources */ = {isa = PBXBuildFile; fileRef = 7D6C5C1E2AAF4ADC00DEFC57 /* chewVM+reduce+EditingArrivalStop.swift */; };
		7D6C5C212AAF4AE100DEFC57 /* chewVM+reduce+EditingDepartureStop.swift in Sources */ = {isa = PBXBuildFile; fileRef = 7D6C5C202AAF4AE100DEFC57 /* chewVM+reduce+EditingDepartureStop.swift */; };
		7D6C5C232AAF4AE400DEFC57 /* chewVM+reduce+DatePicker.swift in Sources */ = {isa = PBXBuildFile; fileRef = 7D6C5C222AAF4AE400DEFC57 /* chewVM+reduce+DatePicker.swift */; };
		7D6C5C252AAF4B1300DEFC57 /* chewVM+reduce+Idle.swift in Sources */ = {isa = PBXBuildFile; fileRef = 7D6C5C242AAF4B1300DEFC57 /* chewVM+reduce+Idle.swift */; };
		7D6C5C272AAF4BD300DEFC57 /* chewVM+reduce+Journeys.swift in Sources */ = {isa = PBXBuildFile; fileRef = 7D6C5C262AAF4BD300DEFC57 /* chewVM+reduce+Journeys.swift */; };
		7D6C5C2A2AAF77CF00DEFC57 /* JourneyDetailsVM.swift in Sources */ = {isa = PBXBuildFile; fileRef = 7D6C5C292AAF77CF00DEFC57 /* JourneyDetailsVM.swift */; };
		7D6C5C2D2AAF791400DEFC57 /* JourneyDetailsVM+sideEffects.swift in Sources */ = {isa = PBXBuildFile; fileRef = 7D6C5C2C2AAF791400DEFC57 /* JourneyDetailsVM+sideEffects.swift */; };
		7D6C5C2F2AAF792200DEFC57 /* JourneyDetailsVM+state.swift in Sources */ = {isa = PBXBuildFile; fileRef = 7D6C5C2E2AAF792200DEFC57 /* JourneyDetailsVM+state.swift */; };
		7D6C5C312AAF792F00DEFC57 /* JourneyDetailsVM+reduce.swift in Sources */ = {isa = PBXBuildFile; fileRef = 7D6C5C302AAF792F00DEFC57 /* JourneyDetailsVM+reduce.swift */; };
		7D6C5C332AAF7A4100DEFC57 /* chewVM+reduce+JourneyDetails.swift in Sources */ = {isa = PBXBuildFile; fileRef = 7D6C5C322AAF7A4100DEFC57 /* chewVM+reduce+JourneyDetails.swift */; };
		7D6C5C362AAF7C4500DEFC57 /* JourneyDetailsView.swift in Sources */ = {isa = PBXBuildFile; fileRef = 7D6C5C352AAF7C4500DEFC57 /* JourneyDetailsView.swift */; };
		7D7A55322AA4A27C000256EF /* JourneyListViewModel.swift in Sources */ = {isa = PBXBuildFile; fileRef = 7D7A55312AA4A27C000256EF /* JourneyListViewModel.swift */; };
		7D7A553A2AA4B3E5000256EF /* Feedback.swift in Sources */ = {isa = PBXBuildFile; fileRef = 7D7A55392AA4B3E5000256EF /* Feedback.swift */; };
		7D7A553D2AA4B407000256EF /* System.swift in Sources */ = {isa = PBXBuildFile; fileRef = 7D7A553C2AA4B407000256EF /* System.swift */; };
		7D7B3D9F2AB8DBFD0070E44D /* LegDetailsView.swift in Sources */ = {isa = PBXBuildFile; fileRef = 7D7B3D9E2AB8DBFD0070E44D /* LegDetailsView.swift */; };
		7D7B3DA22AB9CC7E0070E44D /* LegDetailsMainViewView.swift in Sources */ = {isa = PBXBuildFile; fileRef = 7D7B3DA12AB9CC7E0070E44D /* LegDetailsMainViewView.swift */; };
		7D7B3DAA2AB9D31D0070E44D /* LegDetailsVM.swift in Sources */ = {isa = PBXBuildFile; fileRef = 7D7B3DA92AB9D31D0070E44D /* LegDetailsVM.swift */; };
		7D7B3DAC2AB9D34A0070E44D /* LegDetailsVM+state.swift in Sources */ = {isa = PBXBuildFile; fileRef = 7D7B3DAB2AB9D34A0070E44D /* LegDetailsVM+state.swift */; };
		7D7B3DAE2AB9D3620070E44D /* LegDetailsVM+reduce.swift in Sources */ = {isa = PBXBuildFile; fileRef = 7D7B3DAD2AB9D3620070E44D /* LegDetailsVM+reduce.swift */; };
		7D7B3DB02AB9D36B0070E44D /* LegDetailsVM+sideEffects.swift in Sources */ = {isa = PBXBuildFile; fileRef = 7D7B3DAF2AB9D36B0070E44D /* LegDetailsVM+sideEffects.swift */; };
		7D81AB262A978CDC0055AEAF /* DatePickerView.swift in Sources */ = {isa = PBXBuildFile; fileRef = 7D81AB252A978CDC0055AEAF /* DatePickerView.swift */; };
		7D9E10872AA6752B00820B92 /* SearchStopsView.swift in Sources */ = {isa = PBXBuildFile; fileRef = 7D9E10862AA6752B00820B92 /* SearchStopsView.swift */; };
		7D9E10932AA77E0B00820B92 /* SearchLocationVM.swift in Sources */ = {isa = PBXBuildFile; fileRef = 7D9E10922AA77E0B00820B92 /* SearchLocationVM.swift */; };
		7DA8D3482A9A0E07005DF550 /* JourneyHeaderView.swift in Sources */ = {isa = PBXBuildFile; fileRef = 7DA8D3472A9A0E07005DF550 /* JourneyHeaderView.swift */; };
		7DA8D34A2A9A118E005DF550 /* BadgesView.swift in Sources */ = {isa = PBXBuildFile; fileRef = 7DA8D3492A9A118E005DF550 /* BadgesView.swift */; };
		7DAF62A92A9E52FF006F1A17 /* ObservableScrollView.swift in Sources */ = {isa = PBXBuildFile; fileRef = 7DAF62A82A9E52FF006F1A17 /* ObservableScrollView.swift */; };
		7DAF62AD2A9E5417006F1A17 /* JourneyScrollViewHeader.swift in Sources */ = {isa = PBXBuildFile; fileRef = 7DAF62AC2A9E5417006F1A17 /* JourneyScrollViewHeader.swift */; };
		7DAF62AF2A9E5494006F1A17 /* JourneyScrollViewLoader.swift in Sources */ = {isa = PBXBuildFile; fileRef = 7DAF62AE2A9E5494006F1A17 /* JourneyScrollViewLoader.swift */; };
		7DAF62B12A9E54E3006F1A17 /* JourneyScrollViewFooter.swift in Sources */ = {isa = PBXBuildFile; fileRef = 7DAF62B02A9E54E3006F1A17 /* JourneyScrollViewFooter.swift */; };
		7DAF62B82A9E5A0B006F1A17 /* DatePickerTimePresetButtons.swift in Sources */ = {isa = PBXBuildFile; fileRef = 7DAF62B72A9E5A0B006F1A17 /* DatePickerTimePresetButtons.swift */; };
		7DAF62C02A9E6DED006F1A17 /* D-ticketLogo.swift in Sources */ = {isa = PBXBuildFile; fileRef = 7DAF62BF2A9E6DED006F1A17 /* D-ticketLogo.swift */; };
		7DAF62C22A9E8C2B006F1A17 /* Solar.swift in Sources */ = {isa = PBXBuildFile; fileRef = 7DAF62C12A9E8C2B006F1A17 /* Solar.swift */; };
		7DAF62C42A9F78D0006F1A17 /* SunEvent.swift in Sources */ = {isa = PBXBuildFile; fileRef = 7DAF62C32A9F78CF006F1A17 /* SunEvent.swift */; };
		7DCB2BFF2AAC8831007C672A /* SearchLocationVM+reduce+Idle.swift in Sources */ = {isa = PBXBuildFile; fileRef = 7DCB2BFE2AAC8831007C672A /* SearchLocationVM+reduce+Idle.swift */; };
		7DD4A8D62AAC90B9001AA30C /* SearchLocationVM+reduce+Loading.swift in Sources */ = {isa = PBXBuildFile; fileRef = 7DD4A8D52AAC90B9001AA30C /* SearchLocationVM+reduce+Loading.swift */; };
		7DD4A8D82AAC90C3001AA30C /* SearchLocationVM+reduce+Loaded.swift in Sources */ = {isa = PBXBuildFile; fileRef = 7DD4A8D72AAC90C3001AA30C /* SearchLocationVM+reduce+Loaded.swift */; };
		7DD4A8DA2AAC90C9001AA30C /* SearchLocationVM+reduce+Error.swift in Sources */ = {isa = PBXBuildFile; fileRef = 7DD4A8D92AAC90C9001AA30C /* SearchLocationVM+reduce+Error.swift */; };
		7DE3599F2AB9E9430028CA59 /* chewVM+reduce+LoadingLocaiton.swift in Sources */ = {isa = PBXBuildFile; fileRef = 7DE3599E2AB9E9430028CA59 /* chewVM+reduce+LoadingLocaiton.swift */; };
		7DE640F02AB079710087FC64 /* JourneyListViewModel+reduce+LoadingUpdate.swift in Sources */ = {isa = PBXBuildFile; fileRef = 7DE640EF2AB079710087FC64 /* JourneyListViewModel+reduce+LoadingUpdate.swift */; };
		7DE640F32AB0875C0087FC64 /* CombineFeedback in Frameworks */ = {isa = PBXBuildFile; productRef = 7DE640F22AB0875C0087FC64 /* CombineFeedback */; };
		7DE640F52AB0875C0087FC64 /* CombineFeedbackUI in Frameworks */ = {isa = PBXBuildFile; productRef = 7DE640F42AB0875C0087FC64 /* CombineFeedbackUI */; };
		7DE640FB2AB08EF80087FC64 /* CLLOcationCoordinate2D+hash.swift in Sources */ = {isa = PBXBuildFile; fileRef = 7DE640FA2AB08EF80087FC64 /* CLLOcationCoordinate2D+hash.swift */; };
		7DFA4A832AB10531005ECAEB /* constructJourneys+Badges.swift in Sources */ = {isa = PBXBuildFile; fileRef = 7DFA4A822AB10531005ECAEB /* constructJourneys+Badges.swift */; };
/* End PBXBuildFile section */

/* Begin PBXContainerItemProxy section */
		7D6734C02A96334C00CBE9C1 /* PBXContainerItemProxy */ = {
			isa = PBXContainerItemProxy;
			containerPortal = 7D6734A72A96334B00CBE9C1 /* Project object */;
			proxyType = 1;
			remoteGlobalIDString = 7D6734AE2A96334B00CBE9C1;
			remoteInfo = "Chew-chew-SwiftUI";
		};
		7D6734CA2A96334D00CBE9C1 /* PBXContainerItemProxy */ = {
			isa = PBXContainerItemProxy;
			containerPortal = 7D6734A72A96334B00CBE9C1 /* Project object */;
			proxyType = 1;
			remoteGlobalIDString = 7D6734AE2A96334B00CBE9C1;
			remoteInfo = "Chew-chew-SwiftUI";
		};
/* End PBXContainerItemProxy section */

/* Begin PBXFileReference section */
		7D000CEF2AB86A4700566120 /* chewVM+sideEffect+userLocaiton.swift */ = {isa = PBXFileReference; lastKnownFileType = sourcecode.swift; path = "chewVM+sideEffect+userLocaiton.swift"; sourceTree = "<group>"; };
		7D000CF22AB86AD700566120 /* JourneyListViewModel+sideEffects+loadingJourneys.swift */ = {isa = PBXFileReference; lastKnownFileType = sourcecode.swift; path = "JourneyListViewModel+sideEffects+loadingJourneys.swift"; sourceTree = "<group>"; };
		7D000CF62AB86BA500566120 /* JourneyListViewModel+sideEffects+loadingJourneysRef copy.swift */ = {isa = PBXFileReference; lastKnownFileType = sourcecode.swift; path = "JourneyListViewModel+sideEffects+loadingJourneysRef copy.swift"; sourceTree = "<group>"; };
		7D000CF82AB8768400566120 /* JourneyDetailsViewHeader.swift */ = {isa = PBXFileReference; lastKnownFileType = sourcecode.swift; path = JourneyDetailsViewHeader.swift; sourceTree = "<group>"; };
		7D000CFA2AB87ACD00566120 /* NavigationLazyView.swift */ = {isa = PBXFileReference; lastKnownFileType = sourcecode.swift; path = NavigationLazyView.swift; sourceTree = "<group>"; };
		7D02CE082A97E32D0048ADE6 /* DTO.swift */ = {isa = PBXFileReference; lastKnownFileType = sourcecode.swift; path = DTO.swift; sourceTree = "<group>"; };
		7D02CE0F2A97E4100048ADE6 /* ViewDataSource.swift */ = {isa = PBXFileReference; lastKnownFileType = sourcecode.swift; path = ViewDataSource.swift; sourceTree = "<group>"; };
		7D02CE122A97E4700048ADE6 /* DateParcer.swift */ = {isa = PBXFileReference; lastKnownFileType = sourcecode.swift; path = DateParcer.swift; sourceTree = "<group>"; };
		7D02CE142A97E4940048ADE6 /* Constants.swift */ = {isa = PBXFileReference; lastKnownFileType = sourcecode.swift; path = Constants.swift; sourceTree = "<group>"; };
		7D02CE222A97E64E0048ADE6 /* Query.swift */ = {isa = PBXFileReference; lastKnownFileType = sourcecode.swift; path = Query.swift; sourceTree = "<group>"; };
		7D02CE242A97E6620048ADE6 /* Errors.swift */ = {isa = PBXFileReference; lastKnownFileType = sourcecode.swift; path = Errors.swift; sourceTree = "<group>"; };
		7D02CE262A97E6790048ADE6 /* ApiService.swift */ = {isa = PBXFileReference; lastKnownFileType = sourcecode.swift; path = ApiService.swift; sourceTree = "<group>"; };
		7D02CE2F2A97E96E0048ADE6 /* BadgeView.swift */ = {isa = PBXFileReference; lastKnownFileType = sourcecode.swift; path = BadgeView.swift; sourceTree = "<group>"; };
		7D02CE332A98E8130048ADE6 /* JourneysView.swift */ = {isa = PBXFileReference; lastKnownFileType = sourcecode.swift; path = JourneysView.swift; sourceTree = "<group>"; };
		7D23E4492A98F9800037C3E1 /* LegsView.swift */ = {isa = PBXFileReference; lastKnownFileType = sourcecode.swift; path = LegsView.swift; sourceTree = "<group>"; };
		7D23E44B2A98FD700037C3E1 /* LegView.swift */ = {isa = PBXFileReference; lastKnownFileType = sourcecode.swift; path = LegView.swift; sourceTree = "<group>"; };
		7D3E5F002AB321580064213A /* LocationManager.swift */ = {isa = PBXFileReference; lastKnownFileType = sourcecode.swift; path = LocationManager.swift; sourceTree = "<group>"; };
		7D462D482AAC947F00BC0D65 /* JourneyListViewModel+reduce+LoadingJourneys.swift */ = {isa = PBXFileReference; lastKnownFileType = sourcecode.swift; path = "JourneyListViewModel+reduce+LoadingJourneys.swift"; sourceTree = "<group>"; };
		7D462D4A2AAC948700BC0D65 /* JourneyListViewModel+reduce+JourneysLoaded.swift */ = {isa = PBXFileReference; lastKnownFileType = sourcecode.swift; path = "JourneyListViewModel+reduce+JourneysLoaded.swift"; sourceTree = "<group>"; };
		7D462D4E2AAC956B00BC0D65 /* JourneyListViewModel+reduce+FailedToLoadJourneys.swift */ = {isa = PBXFileReference; lastKnownFileType = sourcecode.swift; path = "JourneyListViewModel+reduce+FailedToLoadJourneys.swift"; sourceTree = "<group>"; };
		7D462D512AAC96C000BC0D65 /* SearchStopsView+RightButton.swift */ = {isa = PBXFileReference; lastKnownFileType = sourcecode.swift; path = "SearchStopsView+RightButton.swift"; sourceTree = "<group>"; };
		7D462D532AAC972200BC0D65 /* SearchStopsView+StopList.swift */ = {isa = PBXFileReference; lastKnownFileType = sourcecode.swift; path = "SearchStopsView+StopList.swift"; sourceTree = "<group>"; };
		7D462D5B2AACE5D100BC0D65 /* JourneyCell.swift */ = {isa = PBXFileReference; lastKnownFileType = sourcecode.swift; path = JourneyCell.swift; sourceTree = "<group>"; };
		7D462D5D2AACEC5600BC0D65 /* constructJourneys+TimeLabel.swift */ = {isa = PBXFileReference; lastKnownFileType = sourcecode.swift; path = "constructJourneys+TimeLabel.swift"; sourceTree = "<group>"; };
		7D462D5F2AACED6D00BC0D65 /* constructJourneys+Journey.swift */ = {isa = PBXFileReference; lastKnownFileType = sourcecode.swift; path = "constructJourneys+Journey.swift"; sourceTree = "<group>"; };
		7D462D612AACEE2500BC0D65 /* constructJourneys+Leg.swift */ = {isa = PBXFileReference; lastKnownFileType = sourcecode.swift; path = "constructJourneys+Leg.swift"; sourceTree = "<group>"; };
		7D4B1B892AA8CB460096F372 /* JourneyListViewModel+reduce.swift */ = {isa = PBXFileReference; lastKnownFileType = sourcecode.swift; path = "JourneyListViewModel+reduce.swift"; sourceTree = "<group>"; };
		7D4B1B8B2AA8CB970096F372 /* JourneyListViewModel+sideEffects.swift */ = {isa = PBXFileReference; lastKnownFileType = sourcecode.swift; path = "JourneyListViewModel+sideEffects.swift"; sourceTree = "<group>"; };
		7D4B1B8D2AA8CBB00096F372 /* JourneyListViewModel+state.swift */ = {isa = PBXFileReference; lastKnownFileType = sourcecode.swift; path = "JourneyListViewModel+state.swift"; sourceTree = "<group>"; };
		7D4B1B902AA8DB5B0096F372 /* SearchStopsView+TextField.swift */ = {isa = PBXFileReference; lastKnownFileType = sourcecode.swift; path = "SearchStopsView+TextField.swift"; sourceTree = "<group>"; };
		7D4B1B922AA8FD9D0096F372 /* SearchLocationVM+reduce.swift */ = {isa = PBXFileReference; lastKnownFileType = sourcecode.swift; path = "SearchLocationVM+reduce.swift"; sourceTree = "<group>"; };
		7D4B1B942AA8FDA20096F372 /* SearchLocationVM+state.swift */ = {isa = PBXFileReference; lastKnownFileType = sourcecode.swift; path = "SearchLocationVM+state.swift"; sourceTree = "<group>"; };
		7D4B1B962AA8FDDB0096F372 /* SearchLocationVM+sideEffect.swift */ = {isa = PBXFileReference; lastKnownFileType = sourcecode.swift; path = "SearchLocationVM+sideEffect.swift"; sourceTree = "<group>"; };
		7D4B1B982AA950780096F372 /* constructJourneys.swift */ = {isa = PBXFileReference; lastKnownFileType = sourcecode.swift; path = constructJourneys.swift; sourceTree = "<group>"; };
		7D62AF5C2AAA7BB800D3827D /* res.geojson */ = {isa = PBXFileReference; fileEncoding = 4; lastKnownFileType = text; path = res.geojson; sourceTree = "<group>"; };
		7D63285C2AB75B0900E1EF2B /* tmp.geojson */ = {isa = PBXFileReference; lastKnownFileType = text; path = tmp.geojson; sourceTree = "<group>"; };
		7D6734AF2A96334B00CBE9C1 /* Chew-chew-SwiftUI.app */ = {isa = PBXFileReference; explicitFileType = wrapper.application; includeInIndex = 0; path = "Chew-chew-SwiftUI.app"; sourceTree = BUILT_PRODUCTS_DIR; };
		7D6734B22A96334B00CBE9C1 /* Chew_chew_SwiftUIApp.swift */ = {isa = PBXFileReference; lastKnownFileType = sourcecode.swift; path = Chew_chew_SwiftUIApp.swift; sourceTree = "<group>"; };
		7D6734B42A96334B00CBE9C1 /* ContentView.swift */ = {isa = PBXFileReference; lastKnownFileType = sourcecode.swift; path = ContentView.swift; sourceTree = "<group>"; };
		7D6734B62A96334C00CBE9C1 /* Assets.xcassets */ = {isa = PBXFileReference; lastKnownFileType = folder.assetcatalog; path = Assets.xcassets; sourceTree = "<group>"; };
		7D6734B92A96334C00CBE9C1 /* Preview Assets.xcassets */ = {isa = PBXFileReference; lastKnownFileType = folder.assetcatalog; path = "Preview Assets.xcassets"; sourceTree = "<group>"; };
		7D6734BF2A96334C00CBE9C1 /* Chew-chew-SwiftUITests.xctest */ = {isa = PBXFileReference; explicitFileType = wrapper.cfbundle; includeInIndex = 0; path = "Chew-chew-SwiftUITests.xctest"; sourceTree = BUILT_PRODUCTS_DIR; };
		7D6734C32A96334C00CBE9C1 /* Chew_chew_SwiftUITests.swift */ = {isa = PBXFileReference; lastKnownFileType = sourcecode.swift; path = Chew_chew_SwiftUITests.swift; sourceTree = "<group>"; };
		7D6734C92A96334D00CBE9C1 /* Chew-chew-SwiftUIUITests.xctest */ = {isa = PBXFileReference; explicitFileType = wrapper.cfbundle; includeInIndex = 0; path = "Chew-chew-SwiftUIUITests.xctest"; sourceTree = BUILT_PRODUCTS_DIR; };
		7D6734CD2A96334D00CBE9C1 /* Chew_chew_SwiftUIUITests.swift */ = {isa = PBXFileReference; lastKnownFileType = sourcecode.swift; path = Chew_chew_SwiftUIUITests.swift; sourceTree = "<group>"; };
		7D6734CF2A96334D00CBE9C1 /* Chew_chew_SwiftUIUITestsLaunchTests.swift */ = {isa = PBXFileReference; lastKnownFileType = sourcecode.swift; path = Chew_chew_SwiftUIUITestsLaunchTests.swift; sourceTree = "<group>"; };
		7D6734DE2A96394E00CBE9C1 /* TimeChoosingView.swift */ = {isa = PBXFileReference; lastKnownFileType = sourcecode.swift; path = TimeChoosingView.swift; sourceTree = "<group>"; };
		7D6C5C132AAF482D00DEFC57 /* chewVM.swift */ = {isa = PBXFileReference; lastKnownFileType = sourcecode.swift; path = chewVM.swift; sourceTree = "<group>"; };
		7D6C5C152AAF485F00DEFC57 /* chewVM+sideEffect.swift */ = {isa = PBXFileReference; lastKnownFileType = sourcecode.swift; path = "chewVM+sideEffect.swift"; sourceTree = "<group>"; };
		7D6C5C172AAF486700DEFC57 /* chewVM+state.swift */ = {isa = PBXFileReference; lastKnownFileType = sourcecode.swift; path = "chewVM+state.swift"; sourceTree = "<group>"; };
		7D6C5C1A2AAF495B00DEFC57 /* chewVM+reduce.swift */ = {isa = PBXFileReference; lastKnownFileType = sourcecode.swift; path = "chewVM+reduce.swift"; sourceTree = "<group>"; };
		7D6C5C1E2AAF4ADC00DEFC57 /* chewVM+reduce+EditingArrivalStop.swift */ = {isa = PBXFileReference; lastKnownFileType = sourcecode.swift; path = "chewVM+reduce+EditingArrivalStop.swift"; sourceTree = "<group>"; };
		7D6C5C202AAF4AE100DEFC57 /* chewVM+reduce+EditingDepartureStop.swift */ = {isa = PBXFileReference; lastKnownFileType = sourcecode.swift; path = "chewVM+reduce+EditingDepartureStop.swift"; sourceTree = "<group>"; };
		7D6C5C222AAF4AE400DEFC57 /* chewVM+reduce+DatePicker.swift */ = {isa = PBXFileReference; lastKnownFileType = sourcecode.swift; path = "chewVM+reduce+DatePicker.swift"; sourceTree = "<group>"; };
		7D6C5C242AAF4B1300DEFC57 /* chewVM+reduce+Idle.swift */ = {isa = PBXFileReference; lastKnownFileType = sourcecode.swift; path = "chewVM+reduce+Idle.swift"; sourceTree = "<group>"; };
		7D6C5C262AAF4BD300DEFC57 /* chewVM+reduce+Journeys.swift */ = {isa = PBXFileReference; lastKnownFileType = sourcecode.swift; path = "chewVM+reduce+Journeys.swift"; sourceTree = "<group>"; };
		7D6C5C292AAF77CF00DEFC57 /* JourneyDetailsVM.swift */ = {isa = PBXFileReference; lastKnownFileType = sourcecode.swift; path = JourneyDetailsVM.swift; sourceTree = "<group>"; };
		7D6C5C2C2AAF791400DEFC57 /* JourneyDetailsVM+sideEffects.swift */ = {isa = PBXFileReference; lastKnownFileType = sourcecode.swift; path = "JourneyDetailsVM+sideEffects.swift"; sourceTree = "<group>"; };
		7D6C5C2E2AAF792200DEFC57 /* JourneyDetailsVM+state.swift */ = {isa = PBXFileReference; lastKnownFileType = sourcecode.swift; path = "JourneyDetailsVM+state.swift"; sourceTree = "<group>"; };
		7D6C5C302AAF792F00DEFC57 /* JourneyDetailsVM+reduce.swift */ = {isa = PBXFileReference; lastKnownFileType = sourcecode.swift; path = "JourneyDetailsVM+reduce.swift"; sourceTree = "<group>"; };
		7D6C5C322AAF7A4100DEFC57 /* chewVM+reduce+JourneyDetails.swift */ = {isa = PBXFileReference; lastKnownFileType = sourcecode.swift; path = "chewVM+reduce+JourneyDetails.swift"; sourceTree = "<group>"; };
		7D6C5C352AAF7C4500DEFC57 /* JourneyDetailsView.swift */ = {isa = PBXFileReference; lastKnownFileType = sourcecode.swift; path = JourneyDetailsView.swift; sourceTree = "<group>"; };
		7D7A55312AA4A27C000256EF /* JourneyListViewModel.swift */ = {isa = PBXFileReference; lastKnownFileType = sourcecode.swift; path = JourneyListViewModel.swift; sourceTree = "<group>"; };
		7D7A55392AA4B3E5000256EF /* Feedback.swift */ = {isa = PBXFileReference; lastKnownFileType = sourcecode.swift; path = Feedback.swift; sourceTree = "<group>"; };
		7D7A553C2AA4B407000256EF /* System.swift */ = {isa = PBXFileReference; lastKnownFileType = sourcecode.swift; path = System.swift; sourceTree = "<group>"; };
		7D7B3D9E2AB8DBFD0070E44D /* LegDetailsView.swift */ = {isa = PBXFileReference; lastKnownFileType = sourcecode.swift; path = LegDetailsView.swift; sourceTree = "<group>"; };
		7D7B3DA12AB9CC7E0070E44D /* LegDetailsMainViewView.swift */ = {isa = PBXFileReference; lastKnownFileType = sourcecode.swift; path = LegDetailsMainViewView.swift; sourceTree = "<group>"; };
		7D7B3DA92AB9D31D0070E44D /* LegDetailsVM.swift */ = {isa = PBXFileReference; lastKnownFileType = sourcecode.swift; path = LegDetailsVM.swift; sourceTree = "<group>"; };
		7D7B3DAB2AB9D34A0070E44D /* LegDetailsVM+state.swift */ = {isa = PBXFileReference; lastKnownFileType = sourcecode.swift; path = "LegDetailsVM+state.swift"; sourceTree = "<group>"; };
		7D7B3DAD2AB9D3620070E44D /* LegDetailsVM+reduce.swift */ = {isa = PBXFileReference; lastKnownFileType = sourcecode.swift; path = "LegDetailsVM+reduce.swift"; sourceTree = "<group>"; };
		7D7B3DAF2AB9D36B0070E44D /* LegDetailsVM+sideEffects.swift */ = {isa = PBXFileReference; lastKnownFileType = sourcecode.swift; path = "LegDetailsVM+sideEffects.swift"; sourceTree = "<group>"; };
		7D81AB252A978CDC0055AEAF /* DatePickerView.swift */ = {isa = PBXFileReference; lastKnownFileType = sourcecode.swift; path = DatePickerView.swift; sourceTree = "<group>"; };
		7D9E10862AA6752B00820B92 /* SearchStopsView.swift */ = {isa = PBXFileReference; lastKnownFileType = sourcecode.swift; path = SearchStopsView.swift; sourceTree = "<group>"; };
		7D9E10922AA77E0B00820B92 /* SearchLocationVM.swift */ = {isa = PBXFileReference; lastKnownFileType = sourcecode.swift; path = SearchLocationVM.swift; sourceTree = "<group>"; };
		7DA8D3472A9A0E07005DF550 /* JourneyHeaderView.swift */ = {isa = PBXFileReference; lastKnownFileType = sourcecode.swift; path = JourneyHeaderView.swift; sourceTree = "<group>"; };
		7DA8D3492A9A118E005DF550 /* BadgesView.swift */ = {isa = PBXFileReference; lastKnownFileType = sourcecode.swift; path = BadgesView.swift; sourceTree = "<group>"; };
		7DAF62A82A9E52FF006F1A17 /* ObservableScrollView.swift */ = {isa = PBXFileReference; lastKnownFileType = sourcecode.swift; path = ObservableScrollView.swift; sourceTree = "<group>"; };
		7DAF62AC2A9E5417006F1A17 /* JourneyScrollViewHeader.swift */ = {isa = PBXFileReference; lastKnownFileType = sourcecode.swift; path = JourneyScrollViewHeader.swift; sourceTree = "<group>"; };
		7DAF62AE2A9E5494006F1A17 /* JourneyScrollViewLoader.swift */ = {isa = PBXFileReference; lastKnownFileType = sourcecode.swift; path = JourneyScrollViewLoader.swift; sourceTree = "<group>"; };
		7DAF62B02A9E54E3006F1A17 /* JourneyScrollViewFooter.swift */ = {isa = PBXFileReference; lastKnownFileType = sourcecode.swift; path = JourneyScrollViewFooter.swift; sourceTree = "<group>"; };
		7DAF62B72A9E5A0B006F1A17 /* DatePickerTimePresetButtons.swift */ = {isa = PBXFileReference; lastKnownFileType = sourcecode.swift; path = DatePickerTimePresetButtons.swift; sourceTree = "<group>"; };
		7DAF62BF2A9E6DED006F1A17 /* D-ticketLogo.swift */ = {isa = PBXFileReference; lastKnownFileType = sourcecode.swift; path = "D-ticketLogo.swift"; sourceTree = "<group>"; };
		7DAF62C12A9E8C2B006F1A17 /* Solar.swift */ = {isa = PBXFileReference; lastKnownFileType = sourcecode.swift; path = Solar.swift; sourceTree = "<group>"; };
		7DAF62C32A9F78CF006F1A17 /* SunEvent.swift */ = {isa = PBXFileReference; lastKnownFileType = sourcecode.swift; path = SunEvent.swift; sourceTree = "<group>"; };
		7DCB2BFE2AAC8831007C672A /* SearchLocationVM+reduce+Idle.swift */ = {isa = PBXFileReference; lastKnownFileType = sourcecode.swift; path = "SearchLocationVM+reduce+Idle.swift"; sourceTree = "<group>"; };
		7DD4A8D52AAC90B9001AA30C /* SearchLocationVM+reduce+Loading.swift */ = {isa = PBXFileReference; lastKnownFileType = sourcecode.swift; path = "SearchLocationVM+reduce+Loading.swift"; sourceTree = "<group>"; };
		7DD4A8D72AAC90C3001AA30C /* SearchLocationVM+reduce+Loaded.swift */ = {isa = PBXFileReference; lastKnownFileType = sourcecode.swift; path = "SearchLocationVM+reduce+Loaded.swift"; sourceTree = "<group>"; };
		7DD4A8D92AAC90C9001AA30C /* SearchLocationVM+reduce+Error.swift */ = {isa = PBXFileReference; lastKnownFileType = sourcecode.swift; path = "SearchLocationVM+reduce+Error.swift"; sourceTree = "<group>"; };
		7DE3599E2AB9E9430028CA59 /* chewVM+reduce+LoadingLocaiton.swift */ = {isa = PBXFileReference; lastKnownFileType = sourcecode.swift; path = "chewVM+reduce+LoadingLocaiton.swift"; sourceTree = "<group>"; };
		7DE640EF2AB079710087FC64 /* JourneyListViewModel+reduce+LoadingUpdate.swift */ = {isa = PBXFileReference; lastKnownFileType = sourcecode.swift; path = "JourneyListViewModel+reduce+LoadingUpdate.swift"; sourceTree = "<group>"; };
		7DE640FA2AB08EF80087FC64 /* CLLOcationCoordinate2D+hash.swift */ = {isa = PBXFileReference; lastKnownFileType = sourcecode.swift; path = "CLLOcationCoordinate2D+hash.swift"; sourceTree = "<group>"; };
		7DFA4A822AB10531005ECAEB /* constructJourneys+Badges.swift */ = {isa = PBXFileReference; lastKnownFileType = sourcecode.swift; path = "constructJourneys+Badges.swift"; sourceTree = "<group>"; };
/* End PBXFileReference section */

/* Begin PBXFrameworksBuildPhase section */
		7D6734AC2A96334B00CBE9C1 /* Frameworks */ = {
			isa = PBXFrameworksBuildPhase;
			buildActionMask = 2147483647;
			files = (
				7D02CE2A2A97E80D0048ADE6 /* Collections in Frameworks */,
				7DE640F32AB0875C0087FC64 /* CombineFeedback in Frameworks */,
				7D02CE2C2A97E80D0048ADE6 /* DequeModule in Frameworks */,
				7D02CE2E2A97E80D0048ADE6 /* OrderedCollections in Frameworks */,
				7DE640F52AB0875C0087FC64 /* CombineFeedbackUI in Frameworks */,
			);
			runOnlyForDeploymentPostprocessing = 0;
		};
		7D6734BC2A96334C00CBE9C1 /* Frameworks */ = {
			isa = PBXFrameworksBuildPhase;
			buildActionMask = 2147483647;
			files = (
			);
			runOnlyForDeploymentPostprocessing = 0;
		};
		7D6734C62A96334D00CBE9C1 /* Frameworks */ = {
			isa = PBXFrameworksBuildPhase;
			buildActionMask = 2147483647;
			files = (
			);
			runOnlyForDeploymentPostprocessing = 0;
		};
/* End PBXFrameworksBuildPhase section */

/* Begin PBXGroup section */
		7D000CEE2AB86A0800566120 /* sideEffects */ = {
			isa = PBXGroup;
			children = (
				7D000CEF2AB86A4700566120 /* chewVM+sideEffect+userLocaiton.swift */,
				7D6C5C152AAF485F00DEFC57 /* chewVM+sideEffect.swift */,
			);
			path = sideEffects;
			sourceTree = "<group>";
		};
		7D000CF12AB86AC900566120 /* sideEffects */ = {
			isa = PBXGroup;
			children = (
				7D000CF62AB86BA500566120 /* JourneyListViewModel+sideEffects+loadingJourneysRef copy.swift */,
				7D000CF22AB86AD700566120 /* JourneyListViewModel+sideEffects+loadingJourneys.swift */,
				7D4B1B8B2AA8CB970096F372 /* JourneyListViewModel+sideEffects.swift */,
			);
			path = sideEffects;
			sourceTree = "<group>";
		};
		7D02CE0C2A97E38B0048ADE6 /* Model */ = {
			isa = PBXGroup;
			children = (
				7D02CE082A97E32D0048ADE6 /* DTO.swift */,
				7D02CE0F2A97E4100048ADE6 /* ViewDataSource.swift */,
			);
			path = Model;
			sourceTree = "<group>";
		};
		7D02CE0E2A97E3C00048ADE6 /* App */ = {
			isa = PBXGroup;
			children = (
				7D6734B42A96334B00CBE9C1 /* ContentView.swift */,
				7D6C5C122AAF482400DEFC57 /* vm */,
				7D7A55382AA4B3DD000256EF /* feedback */,
			);
			path = App;
			sourceTree = "<group>";
		};
		7D02CE112A97E4650048ADE6 /* Helpers */ = {
			isa = PBXGroup;
			children = (
				7D6734B22A96334B00CBE9C1 /* Chew_chew_SwiftUIApp.swift */,
				7D62AF5C2AAA7BB800D3827D /* res.geojson */,
				7D63285C2AB75B0900E1EF2B /* tmp.geojson */,
				7DAF62C32A9F78CF006F1A17 /* SunEvent.swift */,
				7D02CE122A97E4700048ADE6 /* DateParcer.swift */,
				7D02CE142A97E4940048ADE6 /* Constants.swift */,
				7DAF62A82A9E52FF006F1A17 /* ObservableScrollView.swift */,
				7DAF62BF2A9E6DED006F1A17 /* D-ticketLogo.swift */,
				7DAF62C12A9E8C2B006F1A17 /* Solar.swift */,
				7DE640FA2AB08EF80087FC64 /* CLLOcationCoordinate2D+hash.swift */,
				7D3E5F002AB321580064213A /* LocationManager.swift */,
				7D000CFA2AB87ACD00566120 /* NavigationLazyView.swift */,
			);
			path = Helpers;
			sourceTree = "<group>";
		};
		7D462D3F2AAC93AA00BC0D65 /* reduce */ = {
			isa = PBXGroup;
			children = (
				7D4B1B892AA8CB460096F372 /* JourneyListViewModel+reduce.swift */,
				7D462D4E2AAC956B00BC0D65 /* JourneyListViewModel+reduce+FailedToLoadJourneys.swift */,
				7D462D482AAC947F00BC0D65 /* JourneyListViewModel+reduce+LoadingJourneys.swift */,
				7DE640EF2AB079710087FC64 /* JourneyListViewModel+reduce+LoadingUpdate.swift */,
				7D462D4A2AAC948700BC0D65 /* JourneyListViewModel+reduce+JourneysLoaded.swift */,
			);
			path = reduce;
			sourceTree = "<group>";
		};
		7D462D552AACD1E000BC0D65 /* Feature */ = {
			isa = PBXGroup;
			children = (
				7D7B3DA02AB9AD160070E44D /* LegDetails */,
				7D6C5C282AAF77A700DEFC57 /* JourneyDetails */,
				7DA8D3462A9A0DDC005DF550 /* SearchStop */,
				7D9E108F2AA77CA200820B92 /* JourneyList */,
			);
			path = Feature;
			sourceTree = "<group>";
		};
		7D462D562AACD2F700BC0D65 /* view */ = {
			isa = PBXGroup;
			children = (
				7D4B1B8F2AA8DB090096F372 /* stopFields */,
				7DAF62B42A9E5833006F1A17 /* datePicker */,
			);
			path = view;
			sourceTree = "<group>";
		};
		7D462D5A2AACE0E800BC0D65 /* constructJourneysData */ = {
			isa = PBXGroup;
			children = (
				7D4B1B982AA950780096F372 /* constructJourneys.swift */,
				7D462D5D2AACEC5600BC0D65 /* constructJourneys+TimeLabel.swift */,
				7D462D5F2AACED6D00BC0D65 /* constructJourneys+Journey.swift */,
				7D462D612AACEE2500BC0D65 /* constructJourneys+Leg.swift */,
				7DFA4A822AB10531005ECAEB /* constructJourneys+Badges.swift */,
			);
			path = constructJourneysData;
			sourceTree = "<group>";
		};
		7D462D632AADCBEA00BC0D65 /* vm */ = {
			isa = PBXGroup;
			children = (
				7D7A55312AA4A27C000256EF /* JourneyListViewModel.swift */,
				7D4B1B8D2AA8CBB00096F372 /* JourneyListViewModel+state.swift */,
				7D000CF12AB86AC900566120 /* sideEffects */,
				7D462D3F2AAC93AA00BC0D65 /* reduce */,
				7D462D5A2AACE0E800BC0D65 /* constructJourneysData */,
			);
			path = vm;
			sourceTree = "<group>";
		};
		7D4B1B8F2AA8DB090096F372 /* stopFields */ = {
			isa = PBXGroup;
			children = (
				7D9E10862AA6752B00820B92 /* SearchStopsView.swift */,
				7D4B1B902AA8DB5B0096F372 /* SearchStopsView+TextField.swift */,
				7D462D512AAC96C000BC0D65 /* SearchStopsView+RightButton.swift */,
				7D462D532AAC972200BC0D65 /* SearchStopsView+StopList.swift */,
			);
			path = stopFields;
			sourceTree = "<group>";
		};
		7D6734A62A96334B00CBE9C1 = {
			isa = PBXGroup;
			children = (
				7D6734B12A96334B00CBE9C1 /* Chew-chew-SwiftUI */,
				7D6734C22A96334C00CBE9C1 /* Chew-chew-SwiftUITests */,
				7D6734CC2A96334D00CBE9C1 /* Chew-chew-SwiftUIUITests */,
				7D6734B02A96334B00CBE9C1 /* Products */,
			);
			sourceTree = "<group>";
		};
		7D6734B02A96334B00CBE9C1 /* Products */ = {
			isa = PBXGroup;
			children = (
				7D6734AF2A96334B00CBE9C1 /* Chew-chew-SwiftUI.app */,
				7D6734BF2A96334C00CBE9C1 /* Chew-chew-SwiftUITests.xctest */,
				7D6734C92A96334D00CBE9C1 /* Chew-chew-SwiftUIUITests.xctest */,
			);
			name = Products;
			sourceTree = "<group>";
		};
		7D6734B12A96334B00CBE9C1 /* Chew-chew-SwiftUI */ = {
			isa = PBXGroup;
			children = (
				7D02CE0E2A97E3C00048ADE6 /* App */,
				7D462D552AACD1E000BC0D65 /* Feature */,
				7D02CE0C2A97E38B0048ADE6 /* Model */,
				7D9E108E2AA7722700820B92 /* Network */,
				7D02CE112A97E4650048ADE6 /* Helpers */,
				7D6734B82A96334C00CBE9C1 /* Preview Content */,
			);
			path = "Chew-chew-SwiftUI";
			sourceTree = "<group>";
		};
		7D6734B82A96334C00CBE9C1 /* Preview Content */ = {
			isa = PBXGroup;
			children = (
				7D6734B62A96334C00CBE9C1 /* Assets.xcassets */,
				7D6734B92A96334C00CBE9C1 /* Preview Assets.xcassets */,
			);
			path = "Preview Content";
			sourceTree = "<group>";
		};
		7D6734C22A96334C00CBE9C1 /* Chew-chew-SwiftUITests */ = {
			isa = PBXGroup;
			children = (
				7D6734C32A96334C00CBE9C1 /* Chew_chew_SwiftUITests.swift */,
			);
			path = "Chew-chew-SwiftUITests";
			sourceTree = "<group>";
		};
		7D6734CC2A96334D00CBE9C1 /* Chew-chew-SwiftUIUITests */ = {
			isa = PBXGroup;
			children = (
				7D6734CD2A96334D00CBE9C1 /* Chew_chew_SwiftUIUITests.swift */,
				7D6734CF2A96334D00CBE9C1 /* Chew_chew_SwiftUIUITestsLaunchTests.swift */,
			);
			path = "Chew-chew-SwiftUIUITests";
			sourceTree = "<group>";
		};
		7D6C5C122AAF482400DEFC57 /* vm */ = {
			isa = PBXGroup;
			children = (
				7D000CEE2AB86A0800566120 /* sideEffects */,
				7D6C5C132AAF482D00DEFC57 /* chewVM.swift */,
				7D6C5C172AAF486700DEFC57 /* chewVM+state.swift */,
				7D6C5C192AAF490300DEFC57 /* reduce */,
			);
			path = vm;
			sourceTree = "<group>";
		};
		7D6C5C192AAF490300DEFC57 /* reduce */ = {
			isa = PBXGroup;
			children = (
				7D6C5C1A2AAF495B00DEFC57 /* chewVM+reduce.swift */,
				7D6C5C242AAF4B1300DEFC57 /* chewVM+reduce+Idle.swift */,
				7DE3599E2AB9E9430028CA59 /* chewVM+reduce+LoadingLocaiton.swift */,
				7D6C5C322AAF7A4100DEFC57 /* chewVM+reduce+JourneyDetails.swift */,
				7D6C5C1E2AAF4ADC00DEFC57 /* chewVM+reduce+EditingArrivalStop.swift */,
				7D6C5C202AAF4AE100DEFC57 /* chewVM+reduce+EditingDepartureStop.swift */,
				7D6C5C222AAF4AE400DEFC57 /* chewVM+reduce+DatePicker.swift */,
				7D6C5C262AAF4BD300DEFC57 /* chewVM+reduce+Journeys.swift */,
			);
			path = reduce;
			sourceTree = "<group>";
		};
		7D6C5C282AAF77A700DEFC57 /* JourneyDetails */ = {
			isa = PBXGroup;
			children = (
				7D6C5C342AAF7C3B00DEFC57 /* view */,
				7D6C5C2B2AAF78F400DEFC57 /* vm */,
			);
			path = JourneyDetails;
			sourceTree = "<group>";
		};
		7D6C5C2B2AAF78F400DEFC57 /* vm */ = {
			isa = PBXGroup;
			children = (
				7D6C5C292AAF77CF00DEFC57 /* JourneyDetailsVM.swift */,
				7D6C5C2C2AAF791400DEFC57 /* JourneyDetailsVM+sideEffects.swift */,
				7D6C5C302AAF792F00DEFC57 /* JourneyDetailsVM+reduce.swift */,
				7D6C5C2E2AAF792200DEFC57 /* JourneyDetailsVM+state.swift */,
			);
			path = vm;
			sourceTree = "<group>";
		};
		7D6C5C342AAF7C3B00DEFC57 /* view */ = {
			isa = PBXGroup;
			children = (
				7D6C5C352AAF7C4500DEFC57 /* JourneyDetailsView.swift */,
				7D000CF82AB8768400566120 /* JourneyDetailsViewHeader.swift */,
			);
			path = view;
			sourceTree = "<group>";
		};
		7D7A55382AA4B3DD000256EF /* feedback */ = {
			isa = PBXGroup;
			children = (
				7D7A55392AA4B3E5000256EF /* Feedback.swift */,
				7D7A553C2AA4B407000256EF /* System.swift */,
			);
			path = feedback;
			sourceTree = "<group>";
		};
		7D7B3DA02AB9AD160070E44D /* LegDetails */ = {
			isa = PBXGroup;
			children = (
				7D7B3DA32AB9CEE20070E44D /* vm */,
				7D7B3DA42AB9CEE80070E44D /* view */,
			);
			path = LegDetails;
			sourceTree = "<group>";
		};
		7D7B3DA32AB9CEE20070E44D /* vm */ = {
			isa = PBXGroup;
			children = (
				7D7B3DAF2AB9D36B0070E44D /* LegDetailsVM+sideEffects.swift */,
				7D7B3DAD2AB9D3620070E44D /* LegDetailsVM+reduce.swift */,
				7D7B3DAB2AB9D34A0070E44D /* LegDetailsVM+state.swift */,
				7D7B3DA92AB9D31D0070E44D /* LegDetailsVM.swift */,
			);
			path = vm;
			sourceTree = "<group>";
		};
		7D7B3DA42AB9CEE80070E44D /* view */ = {
			isa = PBXGroup;
			children = (
				7D7B3DA12AB9CC7E0070E44D /* LegDetailsMainViewView.swift */,
				7D7B3D9E2AB8DBFD0070E44D /* LegDetailsView.swift */,
			);
			path = view;
			sourceTree = "<group>";
		};
		7D9E108E2AA7722700820B92 /* Network */ = {
			isa = PBXGroup;
			children = (
				7D02CE222A97E64E0048ADE6 /* Query.swift */,
				7D02CE242A97E6620048ADE6 /* Errors.swift */,
				7D02CE262A97E6790048ADE6 /* ApiService.swift */,
			);
			path = Network;
			sourceTree = "<group>";
		};
		7D9E108F2AA77CA200820B92 /* JourneyList */ = {
			isa = PBXGroup;
			children = (
				7D462D632AADCBEA00BC0D65 /* vm */,
				7DA8D3452A9A0DB8005DF550 /* view */,
			);
			path = JourneyList;
			sourceTree = "<group>";
		};
		7D9E10902AA77CC200820B92 /* vm */ = {
			isa = PBXGroup;
			children = (
				7D9E10922AA77E0B00820B92 /* SearchLocationVM.swift */,
				7D4B1B962AA8FDDB0096F372 /* SearchLocationVM+sideEffect.swift */,
				7D4B1B942AA8FDA20096F372 /* SearchLocationVM+state.swift */,
				7DCB2BFD2AAC8728007C672A /* reduce */,
			);
			path = vm;
			sourceTree = "<group>";
		};
		7DA8D3452A9A0DB8005DF550 /* view */ = {
			isa = PBXGroup;
			children = (
				7D02CE332A98E8130048ADE6 /* JourneysView.swift */,
				7DAF62BA2A9E5DEF006F1A17 /* JourneyScrollView */,
				7DAF62B92A9E5DA6006F1A17 /* JourneyCell */,
			);
			path = view;
			sourceTree = "<group>";
		};
		7DA8D3462A9A0DDC005DF550 /* SearchStop */ = {
			isa = PBXGroup;
			children = (
				7D462D562AACD2F700BC0D65 /* view */,
				7D9E10902AA77CC200820B92 /* vm */,
			);
			path = SearchStop;
			sourceTree = "<group>";
		};
		7DAF62B42A9E5833006F1A17 /* datePicker */ = {
			isa = PBXGroup;
			children = (
				7D81AB252A978CDC0055AEAF /* DatePickerView.swift */,
				7DAF62B72A9E5A0B006F1A17 /* DatePickerTimePresetButtons.swift */,
				7D6734DE2A96394E00CBE9C1 /* TimeChoosingView.swift */,
			);
			path = datePicker;
			sourceTree = "<group>";
		};
		7DAF62B92A9E5DA6006F1A17 /* JourneyCell */ = {
			isa = PBXGroup;
			children = (
				7D462D5B2AACE5D100BC0D65 /* JourneyCell.swift */,
				7DA8D3472A9A0E07005DF550 /* JourneyHeaderView.swift */,
				7DA8D3492A9A118E005DF550 /* BadgesView.swift */,
				7D02CE2F2A97E96E0048ADE6 /* BadgeView.swift */,
				7D23E4492A98F9800037C3E1 /* LegsView.swift */,
				7D23E44B2A98FD700037C3E1 /* LegView.swift */,
			);
			path = JourneyCell;
			sourceTree = "<group>";
		};
		7DAF62BA2A9E5DEF006F1A17 /* JourneyScrollView */ = {
			isa = PBXGroup;
			children = (
				7DAF62AC2A9E5417006F1A17 /* JourneyScrollViewHeader.swift */,
				7DAF62B02A9E54E3006F1A17 /* JourneyScrollViewFooter.swift */,
				7DAF62AE2A9E5494006F1A17 /* JourneyScrollViewLoader.swift */,
			);
			path = JourneyScrollView;
			sourceTree = "<group>";
		};
		7DCB2BFD2AAC8728007C672A /* reduce */ = {
			isa = PBXGroup;
			children = (
				7D4B1B922AA8FD9D0096F372 /* SearchLocationVM+reduce.swift */,
				7DCB2BFE2AAC8831007C672A /* SearchLocationVM+reduce+Idle.swift */,
				7DD4A8D52AAC90B9001AA30C /* SearchLocationVM+reduce+Loading.swift */,
				7DD4A8D72AAC90C3001AA30C /* SearchLocationVM+reduce+Loaded.swift */,
				7DD4A8D92AAC90C9001AA30C /* SearchLocationVM+reduce+Error.swift */,
			);
			path = reduce;
			sourceTree = "<group>";
		};
/* End PBXGroup section */

/* Begin PBXNativeTarget section */
		7D6734AE2A96334B00CBE9C1 /* Chew-chew-SwiftUI */ = {
			isa = PBXNativeTarget;
			buildConfigurationList = 7D6734D32A96334D00CBE9C1 /* Build configuration list for PBXNativeTarget "Chew-chew-SwiftUI" */;
			buildPhases = (
				7D6734AB2A96334B00CBE9C1 /* Sources */,
				7D6734AC2A96334B00CBE9C1 /* Frameworks */,
				7D6734AD2A96334B00CBE9C1 /* Resources */,
			);
			buildRules = (
			);
			dependencies = (
			);
			name = "Chew-chew-SwiftUI";
			packageProductDependencies = (
				7D02CE292A97E80D0048ADE6 /* Collections */,
				7D02CE2B2A97E80D0048ADE6 /* DequeModule */,
				7D02CE2D2A97E80D0048ADE6 /* OrderedCollections */,
				7DE640F22AB0875C0087FC64 /* CombineFeedback */,
				7DE640F42AB0875C0087FC64 /* CombineFeedbackUI */,
			);
			productName = "Chew-chew-SwiftUI";
			productReference = 7D6734AF2A96334B00CBE9C1 /* Chew-chew-SwiftUI.app */;
			productType = "com.apple.product-type.application";
		};
		7D6734BE2A96334C00CBE9C1 /* Chew-chew-SwiftUITests */ = {
			isa = PBXNativeTarget;
			buildConfigurationList = 7D6734D62A96334D00CBE9C1 /* Build configuration list for PBXNativeTarget "Chew-chew-SwiftUITests" */;
			buildPhases = (
				7D6734BB2A96334C00CBE9C1 /* Sources */,
				7D6734BC2A96334C00CBE9C1 /* Frameworks */,
				7D6734BD2A96334C00CBE9C1 /* Resources */,
			);
			buildRules = (
			);
			dependencies = (
				7D6734C12A96334C00CBE9C1 /* PBXTargetDependency */,
			);
			name = "Chew-chew-SwiftUITests";
			productName = "Chew-chew-SwiftUITests";
			productReference = 7D6734BF2A96334C00CBE9C1 /* Chew-chew-SwiftUITests.xctest */;
			productType = "com.apple.product-type.bundle.unit-test";
		};
		7D6734C82A96334D00CBE9C1 /* Chew-chew-SwiftUIUITests */ = {
			isa = PBXNativeTarget;
			buildConfigurationList = 7D6734D92A96334D00CBE9C1 /* Build configuration list for PBXNativeTarget "Chew-chew-SwiftUIUITests" */;
			buildPhases = (
				7D6734C52A96334D00CBE9C1 /* Sources */,
				7D6734C62A96334D00CBE9C1 /* Frameworks */,
				7D6734C72A96334D00CBE9C1 /* Resources */,
			);
			buildRules = (
			);
			dependencies = (
				7D6734CB2A96334D00CBE9C1 /* PBXTargetDependency */,
			);
			name = "Chew-chew-SwiftUIUITests";
			productName = "Chew-chew-SwiftUIUITests";
			productReference = 7D6734C92A96334D00CBE9C1 /* Chew-chew-SwiftUIUITests.xctest */;
			productType = "com.apple.product-type.bundle.ui-testing";
		};
/* End PBXNativeTarget section */

/* Begin PBXProject section */
		7D6734A72A96334B00CBE9C1 /* Project object */ = {
			isa = PBXProject;
			attributes = {
				BuildIndependentTargetsInParallel = 1;
				LastSwiftUpdateCheck = 1430;
				LastUpgradeCheck = 1430;
				TargetAttributes = {
					7D6734AE2A96334B00CBE9C1 = {
						CreatedOnToolsVersion = 14.3.1;
					};
					7D6734BE2A96334C00CBE9C1 = {
						CreatedOnToolsVersion = 14.3.1;
						TestTargetID = 7D6734AE2A96334B00CBE9C1;
					};
					7D6734C82A96334D00CBE9C1 = {
						CreatedOnToolsVersion = 14.3.1;
						TestTargetID = 7D6734AE2A96334B00CBE9C1;
					};
				};
			};
			buildConfigurationList = 7D6734AA2A96334B00CBE9C1 /* Build configuration list for PBXProject "Chew-chew-SwiftUI" */;
			compatibilityVersion = "Xcode 14.0";
			developmentRegion = en;
			hasScannedForEncodings = 0;
			knownRegions = (
				en,
				Base,
			);
			mainGroup = 7D6734A62A96334B00CBE9C1;
			packageReferences = (
				7D02CE282A97E80D0048ADE6 /* XCRemoteSwiftPackageReference "swift-collections" */,
				7DE640F12AB0875C0087FC64 /* XCRemoteSwiftPackageReference "CombineFeedback" */,
			);
			productRefGroup = 7D6734B02A96334B00CBE9C1 /* Products */;
			projectDirPath = "";
			projectRoot = "";
			targets = (
				7D6734AE2A96334B00CBE9C1 /* Chew-chew-SwiftUI */,
				7D6734BE2A96334C00CBE9C1 /* Chew-chew-SwiftUITests */,
				7D6734C82A96334D00CBE9C1 /* Chew-chew-SwiftUIUITests */,
			);
		};
/* End PBXProject section */

/* Begin PBXResourcesBuildPhase section */
		7D6734AD2A96334B00CBE9C1 /* Resources */ = {
			isa = PBXResourcesBuildPhase;
			buildActionMask = 2147483647;
			files = (
				7D6734BA2A96334C00CBE9C1 /* Preview Assets.xcassets in Resources */,
				7D62AF5D2AAA7BB800D3827D /* res.geojson in Resources */,
				7D6734B72A96334C00CBE9C1 /* Assets.xcassets in Resources */,
			);
			runOnlyForDeploymentPostprocessing = 0;
		};
		7D6734BD2A96334C00CBE9C1 /* Resources */ = {
			isa = PBXResourcesBuildPhase;
			buildActionMask = 2147483647;
			files = (
			);
			runOnlyForDeploymentPostprocessing = 0;
		};
		7D6734C72A96334D00CBE9C1 /* Resources */ = {
			isa = PBXResourcesBuildPhase;
			buildActionMask = 2147483647;
			files = (
			);
			runOnlyForDeploymentPostprocessing = 0;
		};
/* End PBXResourcesBuildPhase section */

/* Begin PBXSourcesBuildPhase section */
		7D6734AB2A96334B00CBE9C1 /* Sources */ = {
			isa = PBXSourcesBuildPhase;
			buildActionMask = 2147483647;
			files = (
				7D000CF92AB8768400566120 /* JourneyDetailsViewHeader.swift in Sources */,
				7DD4A8DA2AAC90C9001AA30C /* SearchLocationVM+reduce+Error.swift in Sources */,
				7D02CE092A97E32D0048ADE6 /* DTO.swift in Sources */,
				7D02CE152A97E4940048ADE6 /* Constants.swift in Sources */,
				7DE640FB2AB08EF80087FC64 /* CLLOcationCoordinate2D+hash.swift in Sources */,
				7D6734B52A96334B00CBE9C1 /* ContentView.swift in Sources */,
				7D7B3DAA2AB9D31D0070E44D /* LegDetailsVM.swift in Sources */,
				7D462D622AACEE2500BC0D65 /* constructJourneys+Leg.swift in Sources */,
				7D02CE132A97E4700048ADE6 /* DateParcer.swift in Sources */,
				7D6C5C252AAF4B1300DEFC57 /* chewVM+reduce+Idle.swift in Sources */,
				7D462D542AAC972200BC0D65 /* SearchStopsView+StopList.swift in Sources */,
				7DA8D34A2A9A118E005DF550 /* BadgesView.swift in Sources */,
				7D462D4F2AAC956B00BC0D65 /* JourneyListViewModel+reduce+FailedToLoadJourneys.swift in Sources */,
				7D4B1B952AA8FDA20096F372 /* SearchLocationVM+state.swift in Sources */,
				7D81AB262A978CDC0055AEAF /* DatePickerView.swift in Sources */,
				7D462D522AAC96C000BC0D65 /* SearchStopsView+RightButton.swift in Sources */,
				7D7B3DA22AB9CC7E0070E44D /* LegDetailsMainViewView.swift in Sources */,
				7D6C5C362AAF7C4500DEFC57 /* JourneyDetailsView.swift in Sources */,
				7D000CF02AB86A4700566120 /* chewVM+sideEffect+userLocaiton.swift in Sources */,
				7DAF62C42A9F78D0006F1A17 /* SunEvent.swift in Sources */,
				7D6C5C142AAF482D00DEFC57 /* chewVM.swift in Sources */,
				7D6C5C232AAF4AE400DEFC57 /* chewVM+reduce+DatePicker.swift in Sources */,
				7D6734DF2A96394E00CBE9C1 /* TimeChoosingView.swift in Sources */,
				7D462D4B2AAC948700BC0D65 /* JourneyListViewModel+reduce+JourneysLoaded.swift in Sources */,
				7D6C5C1B2AAF495B00DEFC57 /* chewVM+reduce.swift in Sources */,
				7DAF62C22A9E8C2B006F1A17 /* Solar.swift in Sources */,
				7D462D602AACED6D00BC0D65 /* constructJourneys+Journey.swift in Sources */,
				7DD4A8D62AAC90B9001AA30C /* SearchLocationVM+reduce+Loading.swift in Sources */,
				7DE640F02AB079710087FC64 /* JourneyListViewModel+reduce+LoadingUpdate.swift in Sources */,
				7DAF62AD2A9E5417006F1A17 /* JourneyScrollViewHeader.swift in Sources */,
				7D6C5C1F2AAF4ADC00DEFC57 /* chewVM+reduce+EditingArrivalStop.swift in Sources */,
				7D6734B32A96334B00CBE9C1 /* Chew_chew_SwiftUIApp.swift in Sources */,
				7D6C5C182AAF486700DEFC57 /* chewVM+state.swift in Sources */,
				7D7A553A2AA4B3E5000256EF /* Feedback.swift in Sources */,
				7D6C5C272AAF4BD300DEFC57 /* chewVM+reduce+Journeys.swift in Sources */,
				7DA8D3482A9A0E07005DF550 /* JourneyHeaderView.swift in Sources */,
				7D4B1B912AA8DB5B0096F372 /* SearchStopsView+TextField.swift in Sources */,
				7D9E10932AA77E0B00820B92 /* SearchLocationVM.swift in Sources */,
				7D02CE102A97E4100048ADE6 /* ViewDataSource.swift in Sources */,
				7D7A55322AA4A27C000256EF /* JourneyListViewModel.swift in Sources */,
				7D7B3DB02AB9D36B0070E44D /* LegDetailsVM+sideEffects.swift in Sources */,
				7D000CFB2AB87ACD00566120 /* NavigationLazyView.swift in Sources */,
				7D000CF32AB86AD700566120 /* JourneyListViewModel+sideEffects+loadingJourneys.swift in Sources */,
				7D6C5C332AAF7A4100DEFC57 /* chewVM+reduce+JourneyDetails.swift in Sources */,
				7D6C5C2F2AAF792200DEFC57 /* JourneyDetailsVM+state.swift in Sources */,
				7D4B1B8A2AA8CB460096F372 /* JourneyListViewModel+reduce.swift in Sources */,
				7DFA4A832AB10531005ECAEB /* constructJourneys+Badges.swift in Sources */,
				7D9E10872AA6752B00820B92 /* SearchStopsView.swift in Sources */,
				7D7B3DAC2AB9D34A0070E44D /* LegDetailsVM+state.swift in Sources */,
				7DAF62B12A9E54E3006F1A17 /* JourneyScrollViewFooter.swift in Sources */,
				7D6C5C2D2AAF791400DEFC57 /* JourneyDetailsVM+sideEffects.swift in Sources */,
				7D02CE342A98E8130048ADE6 /* JourneysView.swift in Sources */,
				7DAF62AF2A9E5494006F1A17 /* JourneyScrollViewLoader.swift in Sources */,
				7D02CE272A97E6790048ADE6 /* ApiService.swift in Sources */,
				7D462D5C2AACE5D100BC0D65 /* JourneyCell.swift in Sources */,
				7DE3599F2AB9E9430028CA59 /* chewVM+reduce+LoadingLocaiton.swift in Sources */,
				7D23E44C2A98FD700037C3E1 /* LegView.swift in Sources */,
				7D7B3D9F2AB8DBFD0070E44D /* LegDetailsView.swift in Sources */,
				7D7B3DAE2AB9D3620070E44D /* LegDetailsVM+reduce.swift in Sources */,
				7D02CE302A97E96E0048ADE6 /* BadgeView.swift in Sources */,
				7D4B1B972AA8FDDB0096F372 /* SearchLocationVM+sideEffect.swift in Sources */,
				7D6C5C162AAF485F00DEFC57 /* chewVM+sideEffect.swift in Sources */,
				7D6C5C212AAF4AE100DEFC57 /* chewVM+reduce+EditingDepartureStop.swift in Sources */,
				7D3E5F012AB321580064213A /* LocationManager.swift in Sources */,
				7D02CE232A97E64E0048ADE6 /* Query.swift in Sources */,
				7D6C5C312AAF792F00DEFC57 /* JourneyDetailsVM+reduce.swift in Sources */,
				7D4B1B8E2AA8CBB00096F372 /* JourneyListViewModel+state.swift in Sources */,
				7D02CE252A97E6620048ADE6 /* Errors.swift in Sources */,
				7D23E44A2A98F9800037C3E1 /* LegsView.swift in Sources */,
				7D000CF72AB86BA500566120 /* JourneyListViewModel+sideEffects+loadingJourneysRef copy.swift in Sources */,
				7D4B1B8C2AA8CB970096F372 /* JourneyListViewModel+sideEffects.swift in Sources */,
				7D4B1B932AA8FD9D0096F372 /* SearchLocationVM+reduce.swift in Sources */,
				7DD4A8D82AAC90C3001AA30C /* SearchLocationVM+reduce+Loaded.swift in Sources */,
				7D6C5C2A2AAF77CF00DEFC57 /* JourneyDetailsVM.swift in Sources */,
				7D462D5E2AACEC5600BC0D65 /* constructJourneys+TimeLabel.swift in Sources */,
				7DAF62C02A9E6DED006F1A17 /* D-ticketLogo.swift in Sources */,
				7D7A553D2AA4B407000256EF /* System.swift in Sources */,
				7DCB2BFF2AAC8831007C672A /* SearchLocationVM+reduce+Idle.swift in Sources */,
				7D4B1B992AA950780096F372 /* constructJourneys.swift in Sources */,
				7DAF62A92A9E52FF006F1A17 /* ObservableScrollView.swift in Sources */,
				7D462D492AAC947F00BC0D65 /* JourneyListViewModel+reduce+LoadingJourneys.swift in Sources */,
				7DAF62B82A9E5A0B006F1A17 /* DatePickerTimePresetButtons.swift in Sources */,
			);
			runOnlyForDeploymentPostprocessing = 0;
		};
		7D6734BB2A96334C00CBE9C1 /* Sources */ = {
			isa = PBXSourcesBuildPhase;
			buildActionMask = 2147483647;
			files = (
				7D6734C42A96334C00CBE9C1 /* Chew_chew_SwiftUITests.swift in Sources */,
			);
			runOnlyForDeploymentPostprocessing = 0;
		};
		7D6734C52A96334D00CBE9C1 /* Sources */ = {
			isa = PBXSourcesBuildPhase;
			buildActionMask = 2147483647;
			files = (
				7D6734D02A96334D00CBE9C1 /* Chew_chew_SwiftUIUITestsLaunchTests.swift in Sources */,
				7D6734CE2A96334D00CBE9C1 /* Chew_chew_SwiftUIUITests.swift in Sources */,
			);
			runOnlyForDeploymentPostprocessing = 0;
		};
/* End PBXSourcesBuildPhase section */

/* Begin PBXTargetDependency section */
		7D6734C12A96334C00CBE9C1 /* PBXTargetDependency */ = {
			isa = PBXTargetDependency;
			target = 7D6734AE2A96334B00CBE9C1 /* Chew-chew-SwiftUI */;
			targetProxy = 7D6734C02A96334C00CBE9C1 /* PBXContainerItemProxy */;
		};
		7D6734CB2A96334D00CBE9C1 /* PBXTargetDependency */ = {
			isa = PBXTargetDependency;
			target = 7D6734AE2A96334B00CBE9C1 /* Chew-chew-SwiftUI */;
			targetProxy = 7D6734CA2A96334D00CBE9C1 /* PBXContainerItemProxy */;
		};
/* End PBXTargetDependency section */

/* Begin XCBuildConfiguration section */
		7D6734D12A96334D00CBE9C1 /* Debug */ = {
			isa = XCBuildConfiguration;
			buildSettings = {
				ALWAYS_SEARCH_USER_PATHS = NO;
				CLANG_ANALYZER_NONNULL = YES;
				CLANG_ANALYZER_NUMBER_OBJECT_CONVERSION = YES_AGGRESSIVE;
				CLANG_CXX_LANGUAGE_STANDARD = "gnu++20";
				CLANG_ENABLE_MODULES = YES;
				CLANG_ENABLE_OBJC_ARC = YES;
				CLANG_ENABLE_OBJC_WEAK = YES;
				CLANG_WARN_BLOCK_CAPTURE_AUTORELEASING = YES;
				CLANG_WARN_BOOL_CONVERSION = YES;
				CLANG_WARN_COMMA = YES;
				CLANG_WARN_CONSTANT_CONVERSION = YES;
				CLANG_WARN_DEPRECATED_OBJC_IMPLEMENTATIONS = YES;
				CLANG_WARN_DIRECT_OBJC_ISA_USAGE = YES_ERROR;
				CLANG_WARN_DOCUMENTATION_COMMENTS = YES;
				CLANG_WARN_EMPTY_BODY = YES;
				CLANG_WARN_ENUM_CONVERSION = YES;
				CLANG_WARN_INFINITE_RECURSION = YES;
				CLANG_WARN_INT_CONVERSION = YES;
				CLANG_WARN_NON_LITERAL_NULL_CONVERSION = YES;
				CLANG_WARN_OBJC_IMPLICIT_RETAIN_SELF = YES;
				CLANG_WARN_OBJC_LITERAL_CONVERSION = YES;
				CLANG_WARN_OBJC_ROOT_CLASS = YES_ERROR;
				CLANG_WARN_QUOTED_INCLUDE_IN_FRAMEWORK_HEADER = YES;
				CLANG_WARN_RANGE_LOOP_ANALYSIS = YES;
				CLANG_WARN_STRICT_PROTOTYPES = YES;
				CLANG_WARN_SUSPICIOUS_MOVE = YES;
				CLANG_WARN_UNGUARDED_AVAILABILITY = YES_AGGRESSIVE;
				CLANG_WARN_UNREACHABLE_CODE = YES;
				CLANG_WARN__DUPLICATE_METHOD_MATCH = YES;
				COPY_PHASE_STRIP = NO;
				DEBUG_INFORMATION_FORMAT = dwarf;
				ENABLE_STRICT_OBJC_MSGSEND = YES;
				ENABLE_TESTABILITY = YES;
				GCC_C_LANGUAGE_STANDARD = gnu11;
				GCC_DYNAMIC_NO_PIC = NO;
				GCC_NO_COMMON_BLOCKS = YES;
				GCC_OPTIMIZATION_LEVEL = 0;
				GCC_PREPROCESSOR_DEFINITIONS = (
					"DEBUG=1",
					"$(inherited)",
				);
				GCC_WARN_64_TO_32_BIT_CONVERSION = YES;
				GCC_WARN_ABOUT_RETURN_TYPE = YES_ERROR;
				GCC_WARN_UNDECLARED_SELECTOR = YES;
				GCC_WARN_UNINITIALIZED_AUTOS = YES_AGGRESSIVE;
				GCC_WARN_UNUSED_FUNCTION = YES;
				GCC_WARN_UNUSED_VARIABLE = YES;
				IPHONEOS_DEPLOYMENT_TARGET = 14.0;
				MTL_ENABLE_DEBUG_INFO = INCLUDE_SOURCE;
				MTL_FAST_MATH = YES;
				ONLY_ACTIVE_ARCH = YES;
				SDKROOT = iphoneos;
				SWIFT_ACTIVE_COMPILATION_CONDITIONS = DEBUG;
				SWIFT_OPTIMIZATION_LEVEL = "-Onone";
			};
			name = Debug;
		};
		7D6734D22A96334D00CBE9C1 /* Release */ = {
			isa = XCBuildConfiguration;
			buildSettings = {
				ALWAYS_SEARCH_USER_PATHS = NO;
				CLANG_ANALYZER_NONNULL = YES;
				CLANG_ANALYZER_NUMBER_OBJECT_CONVERSION = YES_AGGRESSIVE;
				CLANG_CXX_LANGUAGE_STANDARD = "gnu++20";
				CLANG_ENABLE_MODULES = YES;
				CLANG_ENABLE_OBJC_ARC = YES;
				CLANG_ENABLE_OBJC_WEAK = YES;
				CLANG_WARN_BLOCK_CAPTURE_AUTORELEASING = YES;
				CLANG_WARN_BOOL_CONVERSION = YES;
				CLANG_WARN_COMMA = YES;
				CLANG_WARN_CONSTANT_CONVERSION = YES;
				CLANG_WARN_DEPRECATED_OBJC_IMPLEMENTATIONS = YES;
				CLANG_WARN_DIRECT_OBJC_ISA_USAGE = YES_ERROR;
				CLANG_WARN_DOCUMENTATION_COMMENTS = YES;
				CLANG_WARN_EMPTY_BODY = YES;
				CLANG_WARN_ENUM_CONVERSION = YES;
				CLANG_WARN_INFINITE_RECURSION = YES;
				CLANG_WARN_INT_CONVERSION = YES;
				CLANG_WARN_NON_LITERAL_NULL_CONVERSION = YES;
				CLANG_WARN_OBJC_IMPLICIT_RETAIN_SELF = YES;
				CLANG_WARN_OBJC_LITERAL_CONVERSION = YES;
				CLANG_WARN_OBJC_ROOT_CLASS = YES_ERROR;
				CLANG_WARN_QUOTED_INCLUDE_IN_FRAMEWORK_HEADER = YES;
				CLANG_WARN_RANGE_LOOP_ANALYSIS = YES;
				CLANG_WARN_STRICT_PROTOTYPES = YES;
				CLANG_WARN_SUSPICIOUS_MOVE = YES;
				CLANG_WARN_UNGUARDED_AVAILABILITY = YES_AGGRESSIVE;
				CLANG_WARN_UNREACHABLE_CODE = YES;
				CLANG_WARN__DUPLICATE_METHOD_MATCH = YES;
				COPY_PHASE_STRIP = NO;
				DEBUG_INFORMATION_FORMAT = "dwarf-with-dsym";
				ENABLE_NS_ASSERTIONS = NO;
				ENABLE_STRICT_OBJC_MSGSEND = YES;
				GCC_C_LANGUAGE_STANDARD = gnu11;
				GCC_NO_COMMON_BLOCKS = YES;
				GCC_WARN_64_TO_32_BIT_CONVERSION = YES;
				GCC_WARN_ABOUT_RETURN_TYPE = YES_ERROR;
				GCC_WARN_UNDECLARED_SELECTOR = YES;
				GCC_WARN_UNINITIALIZED_AUTOS = YES_AGGRESSIVE;
				GCC_WARN_UNUSED_FUNCTION = YES;
				GCC_WARN_UNUSED_VARIABLE = YES;
				IPHONEOS_DEPLOYMENT_TARGET = 14.0;
				MTL_ENABLE_DEBUG_INFO = NO;
				MTL_FAST_MATH = YES;
				SDKROOT = iphoneos;
				SWIFT_COMPILATION_MODE = wholemodule;
				SWIFT_OPTIMIZATION_LEVEL = "-O";
				VALIDATE_PRODUCT = YES;
			};
			name = Release;
		};
		7D6734D42A96334D00CBE9C1 /* Debug */ = {
			isa = XCBuildConfiguration;
			buildSettings = {
				ASSETCATALOG_COMPILER_APPICON_NAME = AppIcon;
				ASSETCATALOG_COMPILER_GLOBAL_ACCENT_COLOR_NAME = AccentColor;
				CODE_SIGN_STYLE = Automatic;
				CURRENT_PROJECT_VERSION = 1;
				DEVELOPMENT_ASSET_PATHS = "\"Chew-chew-SwiftUI/Preview Content\"";
				DEVELOPMENT_TEAM = M82325R967;
				ENABLE_PREVIEWS = YES;
				GENERATE_INFOPLIST_FILE = YES;
				INFOPLIST_KEY_NSLocationWhenInUseUsageDescription = "App needs your location";
				INFOPLIST_KEY_UIApplicationSceneManifest_Generation = YES;
				INFOPLIST_KEY_UIApplicationSupportsIndirectInputEvents = YES;
				INFOPLIST_KEY_UILaunchScreen_Generation = YES;
				INFOPLIST_KEY_UISupportedInterfaceOrientations_iPad = "UIInterfaceOrientationPortrait UIInterfaceOrientationPortraitUpsideDown UIInterfaceOrientationLandscapeLeft UIInterfaceOrientationLandscapeRight";
				INFOPLIST_KEY_UISupportedInterfaceOrientations_iPhone = "UIInterfaceOrientationPortrait UIInterfaceOrientationLandscapeLeft UIInterfaceOrientationLandscapeRight";
				IPHONEOS_DEPLOYMENT_TARGET = 15.0;
				LD_RUNPATH_SEARCH_PATHS = (
					"$(inherited)",
					"@executable_path/Frameworks",
				);
				MARKETING_VERSION = 1.0;
				PRODUCT_BUNDLE_IDENTIFIER = "fcody.Chew-chew-SwiftUI";
				PRODUCT_NAME = "$(TARGET_NAME)";
				SUPPORTED_PLATFORMS = "iphoneos iphonesimulator";
				SUPPORTS_MACCATALYST = NO;
				SUPPORTS_MAC_DESIGNED_FOR_IPHONE_IPAD = NO;
				SWIFT_EMIT_LOC_STRINGS = YES;
				SWIFT_VERSION = 5.0;
				TARGETED_DEVICE_FAMILY = 1;
			};
			name = Debug;
		};
		7D6734D52A96334D00CBE9C1 /* Release */ = {
			isa = XCBuildConfiguration;
			buildSettings = {
				ASSETCATALOG_COMPILER_APPICON_NAME = AppIcon;
				ASSETCATALOG_COMPILER_GLOBAL_ACCENT_COLOR_NAME = AccentColor;
				CODE_SIGN_STYLE = Automatic;
				CURRENT_PROJECT_VERSION = 1;
				DEVELOPMENT_ASSET_PATHS = "\"Chew-chew-SwiftUI/Preview Content\"";
				DEVELOPMENT_TEAM = M82325R967;
				ENABLE_PREVIEWS = YES;
				GENERATE_INFOPLIST_FILE = YES;
				INFOPLIST_KEY_NSLocationWhenInUseUsageDescription = "App needs your location";
				INFOPLIST_KEY_UIApplicationSceneManifest_Generation = YES;
				INFOPLIST_KEY_UIApplicationSupportsIndirectInputEvents = YES;
				INFOPLIST_KEY_UILaunchScreen_Generation = YES;
				INFOPLIST_KEY_UISupportedInterfaceOrientations_iPad = "UIInterfaceOrientationPortrait UIInterfaceOrientationPortraitUpsideDown UIInterfaceOrientationLandscapeLeft UIInterfaceOrientationLandscapeRight";
				INFOPLIST_KEY_UISupportedInterfaceOrientations_iPhone = "UIInterfaceOrientationPortrait UIInterfaceOrientationLandscapeLeft UIInterfaceOrientationLandscapeRight";
				IPHONEOS_DEPLOYMENT_TARGET = 15.0;
				LD_RUNPATH_SEARCH_PATHS = (
					"$(inherited)",
					"@executable_path/Frameworks",
				);
				MARKETING_VERSION = 1.0;
				PRODUCT_BUNDLE_IDENTIFIER = "fcody.Chew-chew-SwiftUI";
				PRODUCT_NAME = "$(TARGET_NAME)";
				SUPPORTED_PLATFORMS = "iphoneos iphonesimulator";
				SUPPORTS_MACCATALYST = NO;
				SUPPORTS_MAC_DESIGNED_FOR_IPHONE_IPAD = NO;
				SWIFT_EMIT_LOC_STRINGS = YES;
				SWIFT_VERSION = 5.0;
				TARGETED_DEVICE_FAMILY = 1;
			};
			name = Release;
		};
		7D6734D72A96334D00CBE9C1 /* Debug */ = {
			isa = XCBuildConfiguration;
			buildSettings = {
				ALWAYS_EMBED_SWIFT_STANDARD_LIBRARIES = YES;
				BUNDLE_LOADER = "$(TEST_HOST)";
				CODE_SIGN_STYLE = Automatic;
				CURRENT_PROJECT_VERSION = 1;
				DEVELOPMENT_TEAM = M82325R967;
				GENERATE_INFOPLIST_FILE = YES;
				IPHONEOS_DEPLOYMENT_TARGET = 16.4;
				MARKETING_VERSION = 1.0;
				PRODUCT_BUNDLE_IDENTIFIER = "fcody.Chew-chew-SwiftUITests";
				PRODUCT_NAME = "$(TARGET_NAME)";
				SWIFT_EMIT_LOC_STRINGS = NO;
				SWIFT_VERSION = 5.0;
				TARGETED_DEVICE_FAMILY = "1,2";
				TEST_HOST = "$(BUILT_PRODUCTS_DIR)/Chew-chew-SwiftUI.app/$(BUNDLE_EXECUTABLE_FOLDER_PATH)/Chew-chew-SwiftUI";
			};
			name = Debug;
		};
		7D6734D82A96334D00CBE9C1 /* Release */ = {
			isa = XCBuildConfiguration;
			buildSettings = {
				ALWAYS_EMBED_SWIFT_STANDARD_LIBRARIES = YES;
				BUNDLE_LOADER = "$(TEST_HOST)";
				CODE_SIGN_STYLE = Automatic;
				CURRENT_PROJECT_VERSION = 1;
				DEVELOPMENT_TEAM = M82325R967;
				GENERATE_INFOPLIST_FILE = YES;
				IPHONEOS_DEPLOYMENT_TARGET = 16.4;
				MARKETING_VERSION = 1.0;
				PRODUCT_BUNDLE_IDENTIFIER = "fcody.Chew-chew-SwiftUITests";
				PRODUCT_NAME = "$(TARGET_NAME)";
				SWIFT_EMIT_LOC_STRINGS = NO;
				SWIFT_VERSION = 5.0;
				TARGETED_DEVICE_FAMILY = "1,2";
				TEST_HOST = "$(BUILT_PRODUCTS_DIR)/Chew-chew-SwiftUI.app/$(BUNDLE_EXECUTABLE_FOLDER_PATH)/Chew-chew-SwiftUI";
			};
			name = Release;
		};
		7D6734DA2A96334D00CBE9C1 /* Debug */ = {
			isa = XCBuildConfiguration;
			buildSettings = {
				ALWAYS_EMBED_SWIFT_STANDARD_LIBRARIES = YES;
				CODE_SIGN_STYLE = Automatic;
				CURRENT_PROJECT_VERSION = 1;
				DEVELOPMENT_TEAM = M82325R967;
				GENERATE_INFOPLIST_FILE = YES;
				MARKETING_VERSION = 1.0;
				PRODUCT_BUNDLE_IDENTIFIER = "fcody.Chew-chew-SwiftUIUITests";
				PRODUCT_NAME = "$(TARGET_NAME)";
				SWIFT_EMIT_LOC_STRINGS = NO;
				SWIFT_VERSION = 5.0;
				TARGETED_DEVICE_FAMILY = "1,2";
				TEST_TARGET_NAME = "Chew-chew-SwiftUI";
			};
			name = Debug;
		};
		7D6734DB2A96334D00CBE9C1 /* Release */ = {
			isa = XCBuildConfiguration;
			buildSettings = {
				ALWAYS_EMBED_SWIFT_STANDARD_LIBRARIES = YES;
				CODE_SIGN_STYLE = Automatic;
				CURRENT_PROJECT_VERSION = 1;
				DEVELOPMENT_TEAM = M82325R967;
				GENERATE_INFOPLIST_FILE = YES;
				MARKETING_VERSION = 1.0;
				PRODUCT_BUNDLE_IDENTIFIER = "fcody.Chew-chew-SwiftUIUITests";
				PRODUCT_NAME = "$(TARGET_NAME)";
				SWIFT_EMIT_LOC_STRINGS = NO;
				SWIFT_VERSION = 5.0;
				TARGETED_DEVICE_FAMILY = "1,2";
				TEST_TARGET_NAME = "Chew-chew-SwiftUI";
			};
			name = Release;
		};
/* End XCBuildConfiguration section */

/* Begin XCConfigurationList section */
		7D6734AA2A96334B00CBE9C1 /* Build configuration list for PBXProject "Chew-chew-SwiftUI" */ = {
			isa = XCConfigurationList;
			buildConfigurations = (
				7D6734D12A96334D00CBE9C1 /* Debug */,
				7D6734D22A96334D00CBE9C1 /* Release */,
			);
			defaultConfigurationIsVisible = 0;
			defaultConfigurationName = Release;
		};
		7D6734D32A96334D00CBE9C1 /* Build configuration list for PBXNativeTarget "Chew-chew-SwiftUI" */ = {
			isa = XCConfigurationList;
			buildConfigurations = (
				7D6734D42A96334D00CBE9C1 /* Debug */,
				7D6734D52A96334D00CBE9C1 /* Release */,
			);
			defaultConfigurationIsVisible = 0;
			defaultConfigurationName = Release;
		};
		7D6734D62A96334D00CBE9C1 /* Build configuration list for PBXNativeTarget "Chew-chew-SwiftUITests" */ = {
			isa = XCConfigurationList;
			buildConfigurations = (
				7D6734D72A96334D00CBE9C1 /* Debug */,
				7D6734D82A96334D00CBE9C1 /* Release */,
			);
			defaultConfigurationIsVisible = 0;
			defaultConfigurationName = Release;
		};
		7D6734D92A96334D00CBE9C1 /* Build configuration list for PBXNativeTarget "Chew-chew-SwiftUIUITests" */ = {
			isa = XCConfigurationList;
			buildConfigurations = (
				7D6734DA2A96334D00CBE9C1 /* Debug */,
				7D6734DB2A96334D00CBE9C1 /* Release */,
			);
			defaultConfigurationIsVisible = 0;
			defaultConfigurationName = Release;
		};
/* End XCConfigurationList section */

/* Begin XCRemoteSwiftPackageReference section */
		7D02CE282A97E80D0048ADE6 /* XCRemoteSwiftPackageReference "swift-collections" */ = {
			isa = XCRemoteSwiftPackageReference;
			repositoryURL = "https://github.com/apple/swift-collections.git";
			requirement = {
				kind = upToNextMajorVersion;
				minimumVersion = 1.0.0;
			};
		};
		7DE640F12AB0875C0087FC64 /* XCRemoteSwiftPackageReference "CombineFeedback" */ = {
			isa = XCRemoteSwiftPackageReference;
			repositoryURL = "https://github.com/sergdort/CombineFeedback";
			requirement = {
				kind = upToNextMajorVersion;
				minimumVersion = 0.7.0;
			};
		};
/* End XCRemoteSwiftPackageReference section */

/* Begin XCSwiftPackageProductDependency section */
		7D02CE292A97E80D0048ADE6 /* Collections */ = {
			isa = XCSwiftPackageProductDependency;
			package = 7D02CE282A97E80D0048ADE6 /* XCRemoteSwiftPackageReference "swift-collections" */;
			productName = Collections;
		};
		7D02CE2B2A97E80D0048ADE6 /* DequeModule */ = {
			isa = XCSwiftPackageProductDependency;
			package = 7D02CE282A97E80D0048ADE6 /* XCRemoteSwiftPackageReference "swift-collections" */;
			productName = DequeModule;
		};
		7D02CE2D2A97E80D0048ADE6 /* OrderedCollections */ = {
			isa = XCSwiftPackageProductDependency;
			package = 7D02CE282A97E80D0048ADE6 /* XCRemoteSwiftPackageReference "swift-collections" */;
			productName = OrderedCollections;
		};
		7DE640F22AB0875C0087FC64 /* CombineFeedback */ = {
			isa = XCSwiftPackageProductDependency;
			package = 7DE640F12AB0875C0087FC64 /* XCRemoteSwiftPackageReference "CombineFeedback" */;
			productName = CombineFeedback;
		};
		7DE640F42AB0875C0087FC64 /* CombineFeedbackUI */ = {
			isa = XCSwiftPackageProductDependency;
			package = 7DE640F12AB0875C0087FC64 /* XCRemoteSwiftPackageReference "CombineFeedback" */;
			productName = CombineFeedbackUI;
		};
/* End XCSwiftPackageProductDependency section */
	};
	rootObject = 7D6734A72A96334B00CBE9C1 /* Project object */;
}
