// !$*UTF8*$!
{
	archiveVersion = 1;
	classes = {
	};
	objectVersion = 56;
	objects = {

/* Begin PBXBuildFile section */
		7D02CE092A97E32D0048ADE6 /* Model.swift in Sources */ = {isa = PBXBuildFile; fileRef = 7D02CE082A97E32D0048ADE6 /* Model.swift */; };
		7D02CE0B2A97E37D0048ADE6 /* DataSource.swift in Sources */ = {isa = PBXBuildFile; fileRef = 7D02CE0A2A97E37D0048ADE6 /* DataSource.swift */; };
		7D02CE102A97E4100048ADE6 /* ViewDataSource.swift in Sources */ = {isa = PBXBuildFile; fileRef = 7D02CE0F2A97E4100048ADE6 /* ViewDataSource.swift */; };
		7D02CE132A97E4700048ADE6 /* DateParcer.swift in Sources */ = {isa = PBXBuildFile; fileRef = 7D02CE122A97E4700048ADE6 /* DateParcer.swift */; };
		7D02CE152A97E4940048ADE6 /* Constants.swift in Sources */ = {isa = PBXBuildFile; fileRef = 7D02CE142A97E4940048ADE6 /* Constants.swift */; };
		7D02CE192A97E5190048ADE6 /* ViewModel+ConstructJourneyData+Timeline.swift in Sources */ = {isa = PBXBuildFile; fileRef = 7D02CE182A97E5190048ADE6 /* ViewModel+ConstructJourneyData+Timeline.swift */; };
		7D02CE1B2A97E5470048ADE6 /* ViewModel+ConstructJourneyData.swift in Sources */ = {isa = PBXBuildFile; fileRef = 7D02CE1A2A97E5470048ADE6 /* ViewModel+ConstructJourneyData.swift */; };
		7D02CE1D2A97E55D0048ADE6 /* ViewModel+Fetch.swift in Sources */ = {isa = PBXBuildFile; fileRef = 7D02CE1C2A97E55D0048ADE6 /* ViewModel+Fetch.swift */; };
		7D02CE1F2A97E5630048ADE6 /* ViewModel.swift in Sources */ = {isa = PBXBuildFile; fileRef = 7D02CE1E2A97E5630048ADE6 /* ViewModel.swift */; };
		7D02CE212A97E5700048ADE6 /* States.swift in Sources */ = {isa = PBXBuildFile; fileRef = 7D02CE202A97E5700048ADE6 /* States.swift */; };
		7D02CE232A97E64E0048ADE6 /* Query.swift in Sources */ = {isa = PBXBuildFile; fileRef = 7D02CE222A97E64E0048ADE6 /* Query.swift */; };
		7D02CE252A97E6620048ADE6 /* Errors.swift in Sources */ = {isa = PBXBuildFile; fileRef = 7D02CE242A97E6620048ADE6 /* Errors.swift */; };
		7D02CE272A97E6790048ADE6 /* ApiService.swift in Sources */ = {isa = PBXBuildFile; fileRef = 7D02CE262A97E6790048ADE6 /* ApiService.swift */; };
		7D02CE2A2A97E80D0048ADE6 /* Collections in Frameworks */ = {isa = PBXBuildFile; productRef = 7D02CE292A97E80D0048ADE6 /* Collections */; };
		7D02CE2C2A97E80D0048ADE6 /* DequeModule in Frameworks */ = {isa = PBXBuildFile; productRef = 7D02CE2B2A97E80D0048ADE6 /* DequeModule */; };
		7D02CE2E2A97E80D0048ADE6 /* OrderedCollections in Frameworks */ = {isa = PBXBuildFile; productRef = 7D02CE2D2A97E80D0048ADE6 /* OrderedCollections */; };
		7D02CE302A97E96E0048ADE6 /* BadgeView.swift in Sources */ = {isa = PBXBuildFile; fileRef = 7D02CE2F2A97E96E0048ADE6 /* BadgeView.swift */; };
		7D02CE342A98E8130048ADE6 /* JourneyView.swift in Sources */ = {isa = PBXBuildFile; fileRef = 7D02CE332A98E8130048ADE6 /* JourneyView.swift */; };
		7D23E44A2A98F9800037C3E1 /* LegsView.swift in Sources */ = {isa = PBXBuildFile; fileRef = 7D23E4492A98F9800037C3E1 /* LegsView.swift */; };
		7D23E44C2A98FD700037C3E1 /* LegView.swift in Sources */ = {isa = PBXBuildFile; fileRef = 7D23E44B2A98FD700037C3E1 /* LegView.swift */; };
		7D6734B32A96334B00CBE9C1 /* Chew_chew_SwiftUIApp.swift in Sources */ = {isa = PBXBuildFile; fileRef = 7D6734B22A96334B00CBE9C1 /* Chew_chew_SwiftUIApp.swift */; };
		7D6734B52A96334B00CBE9C1 /* ContentView.swift in Sources */ = {isa = PBXBuildFile; fileRef = 7D6734B42A96334B00CBE9C1 /* ContentView.swift */; };
		7D6734B72A96334C00CBE9C1 /* Assets.xcassets in Resources */ = {isa = PBXBuildFile; fileRef = 7D6734B62A96334C00CBE9C1 /* Assets.xcassets */; };
		7D6734BA2A96334C00CBE9C1 /* Preview Assets.xcassets in Resources */ = {isa = PBXBuildFile; fileRef = 7D6734B92A96334C00CBE9C1 /* Preview Assets.xcassets */; };
		7D6734C42A96334C00CBE9C1 /* Chew_chew_SwiftUITests.swift in Sources */ = {isa = PBXBuildFile; fileRef = 7D6734C32A96334C00CBE9C1 /* Chew_chew_SwiftUITests.swift */; };
		7D6734CE2A96334D00CBE9C1 /* Chew_chew_SwiftUIUITests.swift in Sources */ = {isa = PBXBuildFile; fileRef = 7D6734CD2A96334D00CBE9C1 /* Chew_chew_SwiftUIUITests.swift */; };
		7D6734D02A96334D00CBE9C1 /* Chew_chew_SwiftUIUITestsLaunchTests.swift in Sources */ = {isa = PBXBuildFile; fileRef = 7D6734CF2A96334D00CBE9C1 /* Chew_chew_SwiftUIUITestsLaunchTests.swift */; };
		7D6734DD2A96370200CBE9C1 /* SearchFieldView.swift in Sources */ = {isa = PBXBuildFile; fileRef = 7D6734DC2A96370200CBE9C1 /* SearchFieldView.swift */; };
		7D6734DF2A96394E00CBE9C1 /* TimeChoosingView.swift in Sources */ = {isa = PBXBuildFile; fileRef = 7D6734DE2A96394E00CBE9C1 /* TimeChoosingView.swift */; };
		7D81AB262A978CDC0055AEAF /* DatePickerView.swift in Sources */ = {isa = PBXBuildFile; fileRef = 7D81AB252A978CDC0055AEAF /* DatePickerView.swift */; };
		7DA8D3482A9A0E07005DF550 /* JourneyHeaderView.swift in Sources */ = {isa = PBXBuildFile; fileRef = 7DA8D3472A9A0E07005DF550 /* JourneyHeaderView.swift */; };
		7DA8D34A2A9A118E005DF550 /* BadgesView.swift in Sources */ = {isa = PBXBuildFile; fileRef = 7DA8D3492A9A118E005DF550 /* BadgesView.swift */; };
		7DAF62A92A9E52FF006F1A17 /* ObservableScrollView.swift in Sources */ = {isa = PBXBuildFile; fileRef = 7DAF62A82A9E52FF006F1A17 /* ObservableScrollView.swift */; };
		7DAF62AB2A9E5327006F1A17 /* FillableButton.swift in Sources */ = {isa = PBXBuildFile; fileRef = 7DAF62AA2A9E5327006F1A17 /* FillableButton.swift */; };
		7DAF62AD2A9E5417006F1A17 /* JourneyScrollViewHeader.swift in Sources */ = {isa = PBXBuildFile; fileRef = 7DAF62AC2A9E5417006F1A17 /* JourneyScrollViewHeader.swift */; };
		7DAF62AF2A9E5494006F1A17 /* JourneyScrollViewLoader.swift in Sources */ = {isa = PBXBuildFile; fileRef = 7DAF62AE2A9E5494006F1A17 /* JourneyScrollViewLoader.swift */; };
		7DAF62B12A9E54E3006F1A17 /* JourneyScrollViewFooter.swift in Sources */ = {isa = PBXBuildFile; fileRef = 7DAF62B02A9E54E3006F1A17 /* JourneyScrollViewFooter.swift */; };
		7DAF62B82A9E5A0B006F1A17 /* DatePickerTimePresetButtons.swift in Sources */ = {isa = PBXBuildFile; fileRef = 7DAF62B72A9E5A0B006F1A17 /* DatePickerTimePresetButtons.swift */; };
		7DAF62C02A9E6DED006F1A17 /* D-ticketLogo.swift in Sources */ = {isa = PBXBuildFile; fileRef = 7DAF62BF2A9E6DED006F1A17 /* D-ticketLogo.swift */; };
		7DAF62C22A9E8C2B006F1A17 /* Solar.swift in Sources */ = {isa = PBXBuildFile; fileRef = 7DAF62C12A9E8C2B006F1A17 /* Solar.swift */; };
		7DAF62C42A9F78D0006F1A17 /* SunEvent.swift in Sources */ = {isa = PBXBuildFile; fileRef = 7DAF62C32A9F78CF006F1A17 /* SunEvent.swift */; };
/* End PBXBuildFile section */

/* Begin PBXContainerItemProxy section */
		7D6734C02A96334C00CBE9C1 /* PBXContainerItemProxy */ = {
			isa = PBXContainerItemProxy;
			containerPortal = 7D6734A72A96334B00CBE9C1 /* Project object */;
			proxyType = 1;
			remoteGlobalIDString = 7D6734AE2A96334B00CBE9C1;
			remoteInfo = "Chew-chew-SwiftUI";
		};
		7D6734CA2A96334D00CBE9C1 /* PBXContainerItemProxy */ = {
			isa = PBXContainerItemProxy;
			containerPortal = 7D6734A72A96334B00CBE9C1 /* Project object */;
			proxyType = 1;
			remoteGlobalIDString = 7D6734AE2A96334B00CBE9C1;
			remoteInfo = "Chew-chew-SwiftUI";
		};
/* End PBXContainerItemProxy section */

/* Begin PBXFileReference section */
		7D02CE082A97E32D0048ADE6 /* Model.swift */ = {isa = PBXFileReference; lastKnownFileType = sourcecode.swift; path = Model.swift; sourceTree = "<group>"; };
		7D02CE0A2A97E37D0048ADE6 /* DataSource.swift */ = {isa = PBXFileReference; lastKnownFileType = sourcecode.swift; path = DataSource.swift; sourceTree = "<group>"; };
		7D02CE0F2A97E4100048ADE6 /* ViewDataSource.swift */ = {isa = PBXFileReference; lastKnownFileType = sourcecode.swift; path = ViewDataSource.swift; sourceTree = "<group>"; };
		7D02CE122A97E4700048ADE6 /* DateParcer.swift */ = {isa = PBXFileReference; lastKnownFileType = sourcecode.swift; path = DateParcer.swift; sourceTree = "<group>"; };
		7D02CE142A97E4940048ADE6 /* Constants.swift */ = {isa = PBXFileReference; lastKnownFileType = sourcecode.swift; path = Constants.swift; sourceTree = "<group>"; };
		7D02CE182A97E5190048ADE6 /* ViewModel+ConstructJourneyData+Timeline.swift */ = {isa = PBXFileReference; lastKnownFileType = sourcecode.swift; path = "ViewModel+ConstructJourneyData+Timeline.swift"; sourceTree = "<group>"; };
		7D02CE1A2A97E5470048ADE6 /* ViewModel+ConstructJourneyData.swift */ = {isa = PBXFileReference; lastKnownFileType = sourcecode.swift; path = "ViewModel+ConstructJourneyData.swift"; sourceTree = "<group>"; };
		7D02CE1C2A97E55D0048ADE6 /* ViewModel+Fetch.swift */ = {isa = PBXFileReference; lastKnownFileType = sourcecode.swift; path = "ViewModel+Fetch.swift"; sourceTree = "<group>"; };
		7D02CE1E2A97E5630048ADE6 /* ViewModel.swift */ = {isa = PBXFileReference; lastKnownFileType = sourcecode.swift; path = ViewModel.swift; sourceTree = "<group>"; };
		7D02CE202A97E5700048ADE6 /* States.swift */ = {isa = PBXFileReference; lastKnownFileType = sourcecode.swift; path = States.swift; sourceTree = "<group>"; };
		7D02CE222A97E64E0048ADE6 /* Query.swift */ = {isa = PBXFileReference; lastKnownFileType = sourcecode.swift; path = Query.swift; sourceTree = "<group>"; };
		7D02CE242A97E6620048ADE6 /* Errors.swift */ = {isa = PBXFileReference; lastKnownFileType = sourcecode.swift; path = Errors.swift; sourceTree = "<group>"; };
		7D02CE262A97E6790048ADE6 /* ApiService.swift */ = {isa = PBXFileReference; lastKnownFileType = sourcecode.swift; path = ApiService.swift; sourceTree = "<group>"; };
		7D02CE2F2A97E96E0048ADE6 /* BadgeView.swift */ = {isa = PBXFileReference; lastKnownFileType = sourcecode.swift; path = BadgeView.swift; sourceTree = "<group>"; };
		7D02CE332A98E8130048ADE6 /* JourneyView.swift */ = {isa = PBXFileReference; lastKnownFileType = sourcecode.swift; path = JourneyView.swift; sourceTree = "<group>"; };
		7D23E4492A98F9800037C3E1 /* LegsView.swift */ = {isa = PBXFileReference; lastKnownFileType = sourcecode.swift; path = LegsView.swift; sourceTree = "<group>"; };
		7D23E44B2A98FD700037C3E1 /* LegView.swift */ = {isa = PBXFileReference; lastKnownFileType = sourcecode.swift; path = LegView.swift; sourceTree = "<group>"; };
		7D6734AF2A96334B00CBE9C1 /* Chew-chew-SwiftUI.app */ = {isa = PBXFileReference; explicitFileType = wrapper.application; includeInIndex = 0; path = "Chew-chew-SwiftUI.app"; sourceTree = BUILT_PRODUCTS_DIR; };
		7D6734B22A96334B00CBE9C1 /* Chew_chew_SwiftUIApp.swift */ = {isa = PBXFileReference; lastKnownFileType = sourcecode.swift; path = Chew_chew_SwiftUIApp.swift; sourceTree = "<group>"; };
		7D6734B42A96334B00CBE9C1 /* ContentView.swift */ = {isa = PBXFileReference; lastKnownFileType = sourcecode.swift; path = ContentView.swift; sourceTree = "<group>"; };
		7D6734B62A96334C00CBE9C1 /* Assets.xcassets */ = {isa = PBXFileReference; lastKnownFileType = folder.assetcatalog; path = Assets.xcassets; sourceTree = "<group>"; };
		7D6734B92A96334C00CBE9C1 /* Preview Assets.xcassets */ = {isa = PBXFileReference; lastKnownFileType = folder.assetcatalog; path = "Preview Assets.xcassets"; sourceTree = "<group>"; };
		7D6734BF2A96334C00CBE9C1 /* Chew-chew-SwiftUITests.xctest */ = {isa = PBXFileReference; explicitFileType = wrapper.cfbundle; includeInIndex = 0; path = "Chew-chew-SwiftUITests.xctest"; sourceTree = BUILT_PRODUCTS_DIR; };
		7D6734C32A96334C00CBE9C1 /* Chew_chew_SwiftUITests.swift */ = {isa = PBXFileReference; lastKnownFileType = sourcecode.swift; path = Chew_chew_SwiftUITests.swift; sourceTree = "<group>"; };
		7D6734C92A96334D00CBE9C1 /* Chew-chew-SwiftUIUITests.xctest */ = {isa = PBXFileReference; explicitFileType = wrapper.cfbundle; includeInIndex = 0; path = "Chew-chew-SwiftUIUITests.xctest"; sourceTree = BUILT_PRODUCTS_DIR; };
		7D6734CD2A96334D00CBE9C1 /* Chew_chew_SwiftUIUITests.swift */ = {isa = PBXFileReference; lastKnownFileType = sourcecode.swift; path = Chew_chew_SwiftUIUITests.swift; sourceTree = "<group>"; };
		7D6734CF2A96334D00CBE9C1 /* Chew_chew_SwiftUIUITestsLaunchTests.swift */ = {isa = PBXFileReference; lastKnownFileType = sourcecode.swift; path = Chew_chew_SwiftUIUITestsLaunchTests.swift; sourceTree = "<group>"; };
		7D6734DC2A96370200CBE9C1 /* SearchFieldView.swift */ = {isa = PBXFileReference; lastKnownFileType = sourcecode.swift; path = SearchFieldView.swift; sourceTree = "<group>"; };
		7D6734DE2A96394E00CBE9C1 /* TimeChoosingView.swift */ = {isa = PBXFileReference; lastKnownFileType = sourcecode.swift; path = TimeChoosingView.swift; sourceTree = "<group>"; };
		7D81AB252A978CDC0055AEAF /* DatePickerView.swift */ = {isa = PBXFileReference; lastKnownFileType = sourcecode.swift; path = DatePickerView.swift; sourceTree = "<group>"; };
		7DA8D3472A9A0E07005DF550 /* JourneyHeaderView.swift */ = {isa = PBXFileReference; lastKnownFileType = sourcecode.swift; path = JourneyHeaderView.swift; sourceTree = "<group>"; };
		7DA8D3492A9A118E005DF550 /* BadgesView.swift */ = {isa = PBXFileReference; lastKnownFileType = sourcecode.swift; path = BadgesView.swift; sourceTree = "<group>"; };
		7DAF62A82A9E52FF006F1A17 /* ObservableScrollView.swift */ = {isa = PBXFileReference; lastKnownFileType = sourcecode.swift; path = ObservableScrollView.swift; sourceTree = "<group>"; };
		7DAF62AA2A9E5327006F1A17 /* FillableButton.swift */ = {isa = PBXFileReference; lastKnownFileType = sourcecode.swift; path = FillableButton.swift; sourceTree = "<group>"; };
		7DAF62AC2A9E5417006F1A17 /* JourneyScrollViewHeader.swift */ = {isa = PBXFileReference; lastKnownFileType = sourcecode.swift; path = JourneyScrollViewHeader.swift; sourceTree = "<group>"; };
		7DAF62AE2A9E5494006F1A17 /* JourneyScrollViewLoader.swift */ = {isa = PBXFileReference; lastKnownFileType = sourcecode.swift; path = JourneyScrollViewLoader.swift; sourceTree = "<group>"; };
		7DAF62B02A9E54E3006F1A17 /* JourneyScrollViewFooter.swift */ = {isa = PBXFileReference; lastKnownFileType = sourcecode.swift; path = JourneyScrollViewFooter.swift; sourceTree = "<group>"; };
		7DAF62B72A9E5A0B006F1A17 /* DatePickerTimePresetButtons.swift */ = {isa = PBXFileReference; lastKnownFileType = sourcecode.swift; path = DatePickerTimePresetButtons.swift; sourceTree = "<group>"; };
		7DAF62BF2A9E6DED006F1A17 /* D-ticketLogo.swift */ = {isa = PBXFileReference; lastKnownFileType = sourcecode.swift; path = "D-ticketLogo.swift"; sourceTree = "<group>"; };
		7DAF62C12A9E8C2B006F1A17 /* Solar.swift */ = {isa = PBXFileReference; lastKnownFileType = sourcecode.swift; path = Solar.swift; sourceTree = "<group>"; };
		7DAF62C32A9F78CF006F1A17 /* SunEvent.swift */ = {isa = PBXFileReference; lastKnownFileType = sourcecode.swift; path = SunEvent.swift; sourceTree = "<group>"; };
/* End PBXFileReference section */

/* Begin PBXFrameworksBuildPhase section */
		7D6734AC2A96334B00CBE9C1 /* Frameworks */ = {
			isa = PBXFrameworksBuildPhase;
			buildActionMask = 2147483647;
			files = (
				7D02CE2A2A97E80D0048ADE6 /* Collections in Frameworks */,
				7D02CE2C2A97E80D0048ADE6 /* DequeModule in Frameworks */,
				7D02CE2E2A97E80D0048ADE6 /* OrderedCollections in Frameworks */,
			);
			runOnlyForDeploymentPostprocessing = 0;
		};
		7D6734BC2A96334C00CBE9C1 /* Frameworks */ = {
			isa = PBXFrameworksBuildPhase;
			buildActionMask = 2147483647;
			files = (
			);
			runOnlyForDeploymentPostprocessing = 0;
		};
		7D6734C62A96334D00CBE9C1 /* Frameworks */ = {
			isa = PBXFrameworksBuildPhase;
			buildActionMask = 2147483647;
			files = (
			);
			runOnlyForDeploymentPostprocessing = 0;
		};
/* End PBXFrameworksBuildPhase section */

/* Begin PBXGroup section */
		7D02CE0C2A97E38B0048ADE6 /* Model */ = {
			isa = PBXGroup;
			children = (
				7D02CE082A97E32D0048ADE6 /* Model.swift */,
				7D02CE0A2A97E37D0048ADE6 /* DataSource.swift */,
				7D02CE0F2A97E4100048ADE6 /* ViewDataSource.swift */,
			);
			path = Model;
			sourceTree = "<group>";
		};
		7D02CE0D2A97E3B30048ADE6 /* View */ = {
			isa = PBXGroup;
			children = (
				7D6734B42A96334B00CBE9C1 /* ContentView.swift */,
				7DA8D3462A9A0DDC005DF550 /* Search */,
				7DA8D3452A9A0DB8005DF550 /* Journey */,
			);
			path = View;
			sourceTree = "<group>";
		};
		7D02CE0E2A97E3C00048ADE6 /* App */ = {
			isa = PBXGroup;
			children = (
				7D6734B22A96334B00CBE9C1 /* Chew_chew_SwiftUIApp.swift */,
			);
			path = App;
			sourceTree = "<group>";
		};
		7D02CE112A97E4650048ADE6 /* Helpers */ = {
			isa = PBXGroup;
			children = (
				7DAF62C52AA08BED006F1A17 /* ViewModifiers */,
				7DAF62C32A9F78CF006F1A17 /* SunEvent.swift */,
				7D02CE122A97E4700048ADE6 /* DateParcer.swift */,
				7D02CE142A97E4940048ADE6 /* Constants.swift */,
				7DAF62A82A9E52FF006F1A17 /* ObservableScrollView.swift */,
				7DAF62BF2A9E6DED006F1A17 /* D-ticketLogo.swift */,
				7DAF62C12A9E8C2B006F1A17 /* Solar.swift */,
			);
			path = Helpers;
			sourceTree = "<group>";
		};
		7D02CE172A97E50F0048ADE6 /* ViewModel */ = {
			isa = PBXGroup;
			children = (
				7D02CE182A97E5190048ADE6 /* ViewModel+ConstructJourneyData+Timeline.swift */,
				7D02CE1A2A97E5470048ADE6 /* ViewModel+ConstructJourneyData.swift */,
				7D02CE1C2A97E55D0048ADE6 /* ViewModel+Fetch.swift */,
				7D02CE1E2A97E5630048ADE6 /* ViewModel.swift */,
				7D02CE202A97E5700048ADE6 /* States.swift */,
			);
			path = ViewModel;
			sourceTree = "<group>";
		};
		7D6734A62A96334B00CBE9C1 = {
			isa = PBXGroup;
			children = (
				7D6734B12A96334B00CBE9C1 /* Chew-chew-SwiftUI */,
				7D6734C22A96334C00CBE9C1 /* Chew-chew-SwiftUITests */,
				7D6734CC2A96334D00CBE9C1 /* Chew-chew-SwiftUIUITests */,
				7D6734B02A96334B00CBE9C1 /* Products */,
			);
			sourceTree = "<group>";
		};
		7D6734B02A96334B00CBE9C1 /* Products */ = {
			isa = PBXGroup;
			children = (
				7D6734AF2A96334B00CBE9C1 /* Chew-chew-SwiftUI.app */,
				7D6734BF2A96334C00CBE9C1 /* Chew-chew-SwiftUITests.xctest */,
				7D6734C92A96334D00CBE9C1 /* Chew-chew-SwiftUIUITests.xctest */,
			);
			name = Products;
			sourceTree = "<group>";
		};
		7D6734B12A96334B00CBE9C1 /* Chew-chew-SwiftUI */ = {
			isa = PBXGroup;
			children = (
				7D02CE172A97E50F0048ADE6 /* ViewModel */,
				7D02CE112A97E4650048ADE6 /* Helpers */,
				7D02CE0E2A97E3C00048ADE6 /* App */,
				7D02CE0D2A97E3B30048ADE6 /* View */,
				7D02CE0C2A97E38B0048ADE6 /* Model */,
				7D6734B62A96334C00CBE9C1 /* Assets.xcassets */,
				7D6734B82A96334C00CBE9C1 /* Preview Content */,
				7D02CE222A97E64E0048ADE6 /* Query.swift */,
				7D02CE242A97E6620048ADE6 /* Errors.swift */,
				7D02CE262A97E6790048ADE6 /* ApiService.swift */,
			);
			path = "Chew-chew-SwiftUI";
			sourceTree = "<group>";
		};
		7D6734B82A96334C00CBE9C1 /* Preview Content */ = {
			isa = PBXGroup;
			children = (
				7D6734B92A96334C00CBE9C1 /* Preview Assets.xcassets */,
			);
			path = "Preview Content";
			sourceTree = "<group>";
		};
		7D6734C22A96334C00CBE9C1 /* Chew-chew-SwiftUITests */ = {
			isa = PBXGroup;
			children = (
				7D6734C32A96334C00CBE9C1 /* Chew_chew_SwiftUITests.swift */,
			);
			path = "Chew-chew-SwiftUITests";
			sourceTree = "<group>";
		};
		7D6734CC2A96334D00CBE9C1 /* Chew-chew-SwiftUIUITests */ = {
			isa = PBXGroup;
			children = (
				7D6734CD2A96334D00CBE9C1 /* Chew_chew_SwiftUIUITests.swift */,
				7D6734CF2A96334D00CBE9C1 /* Chew_chew_SwiftUIUITestsLaunchTests.swift */,
			);
			path = "Chew-chew-SwiftUIUITests";
			sourceTree = "<group>";
		};
		7DA8D3452A9A0DB8005DF550 /* Journey */ = {
			isa = PBXGroup;
			children = (
				7D02CE332A98E8130048ADE6 /* JourneyView.swift */,
				7DAF62BA2A9E5DEF006F1A17 /* JourneyScrollView */,
				7DAF62B92A9E5DA6006F1A17 /* JourneyCell */,
			);
			path = Journey;
			sourceTree = "<group>";
		};
		7DA8D3462A9A0DDC005DF550 /* Search */ = {
			isa = PBXGroup;
			children = (
				7DAF62B42A9E5833006F1A17 /* datePicker */,
				7D6734DC2A96370200CBE9C1 /* SearchFieldView.swift */,
				7D6734DE2A96394E00CBE9C1 /* TimeChoosingView.swift */,
			);
			path = Search;
			sourceTree = "<group>";
		};
		7DAF62B42A9E5833006F1A17 /* datePicker */ = {
			isa = PBXGroup;
			children = (
				7D81AB252A978CDC0055AEAF /* DatePickerView.swift */,
				7DAF62B72A9E5A0B006F1A17 /* DatePickerTimePresetButtons.swift */,
			);
			path = datePicker;
			sourceTree = "<group>";
		};
		7DAF62B92A9E5DA6006F1A17 /* JourneyCell */ = {
			isa = PBXGroup;
			children = (
				7DA8D3472A9A0E07005DF550 /* JourneyHeaderView.swift */,
				7DA8D3492A9A118E005DF550 /* BadgesView.swift */,
				7D02CE2F2A97E96E0048ADE6 /* BadgeView.swift */,
				7D23E4492A98F9800037C3E1 /* LegsView.swift */,
				7D23E44B2A98FD700037C3E1 /* LegView.swift */,
			);
			path = JourneyCell;
			sourceTree = "<group>";
		};
		7DAF62BA2A9E5DEF006F1A17 /* JourneyScrollView */ = {
			isa = PBXGroup;
			children = (
				7DAF62AA2A9E5327006F1A17 /* FillableButton.swift */,
				7DAF62AC2A9E5417006F1A17 /* JourneyScrollViewHeader.swift */,
				7DAF62B02A9E54E3006F1A17 /* JourneyScrollViewFooter.swift */,
				7DAF62AE2A9E5494006F1A17 /* JourneyScrollViewLoader.swift */,
			);
			path = JourneyScrollView;
			sourceTree = "<group>";
		};
		7DAF62C52AA08BED006F1A17 /* ViewModifiers */ = {
			isa = PBXGroup;
			children = (
			);
			path = ViewModifiers;
			sourceTree = "<group>";
		};
/* End PBXGroup section */

/* Begin PBXNativeTarget section */
		7D6734AE2A96334B00CBE9C1 /* Chew-chew-SwiftUI */ = {
			isa = PBXNativeTarget;
			buildConfigurationList = 7D6734D32A96334D00CBE9C1 /* Build configuration list for PBXNativeTarget "Chew-chew-SwiftUI" */;
			buildPhases = (
				7D6734AB2A96334B00CBE9C1 /* Sources */,
				7D6734AC2A96334B00CBE9C1 /* Frameworks */,
				7D6734AD2A96334B00CBE9C1 /* Resources */,
			);
			buildRules = (
			);
			dependencies = (
			);
			name = "Chew-chew-SwiftUI";
			packageProductDependencies = (
				7D02CE292A97E80D0048ADE6 /* Collections */,
				7D02CE2B2A97E80D0048ADE6 /* DequeModule */,
				7D02CE2D2A97E80D0048ADE6 /* OrderedCollections */,
			);
			productName = "Chew-chew-SwiftUI";
			productReference = 7D6734AF2A96334B00CBE9C1 /* Chew-chew-SwiftUI.app */;
			productType = "com.apple.product-type.application";
		};
		7D6734BE2A96334C00CBE9C1 /* Chew-chew-SwiftUITests */ = {
			isa = PBXNativeTarget;
			buildConfigurationList = 7D6734D62A96334D00CBE9C1 /* Build configuration list for PBXNativeTarget "Chew-chew-SwiftUITests" */;
			buildPhases = (
				7D6734BB2A96334C00CBE9C1 /* Sources */,
				7D6734BC2A96334C00CBE9C1 /* Frameworks */,
				7D6734BD2A96334C00CBE9C1 /* Resources */,
			);
			buildRules = (
			);
			dependencies = (
				7D6734C12A96334C00CBE9C1 /* PBXTargetDependency */,
			);
			name = "Chew-chew-SwiftUITests";
			productName = "Chew-chew-SwiftUITests";
			productReference = 7D6734BF2A96334C00CBE9C1 /* Chew-chew-SwiftUITests.xctest */;
			productType = "com.apple.product-type.bundle.unit-test";
		};
		7D6734C82A96334D00CBE9C1 /* Chew-chew-SwiftUIUITests */ = {
			isa = PBXNativeTarget;
			buildConfigurationList = 7D6734D92A96334D00CBE9C1 /* Build configuration list for PBXNativeTarget "Chew-chew-SwiftUIUITests" */;
			buildPhases = (
				7D6734C52A96334D00CBE9C1 /* Sources */,
				7D6734C62A96334D00CBE9C1 /* Frameworks */,
				7D6734C72A96334D00CBE9C1 /* Resources */,
			);
			buildRules = (
			);
			dependencies = (
				7D6734CB2A96334D00CBE9C1 /* PBXTargetDependency */,
			);
			name = "Chew-chew-SwiftUIUITests";
			productName = "Chew-chew-SwiftUIUITests";
			productReference = 7D6734C92A96334D00CBE9C1 /* Chew-chew-SwiftUIUITests.xctest */;
			productType = "com.apple.product-type.bundle.ui-testing";
		};
/* End PBXNativeTarget section */

/* Begin PBXProject section */
		7D6734A72A96334B00CBE9C1 /* Project object */ = {
			isa = PBXProject;
			attributes = {
				BuildIndependentTargetsInParallel = 1;
				LastSwiftUpdateCheck = 1430;
				LastUpgradeCheck = 1430;
				TargetAttributes = {
					7D6734AE2A96334B00CBE9C1 = {
						CreatedOnToolsVersion = 14.3.1;
					};
					7D6734BE2A96334C00CBE9C1 = {
						CreatedOnToolsVersion = 14.3.1;
						TestTargetID = 7D6734AE2A96334B00CBE9C1;
					};
					7D6734C82A96334D00CBE9C1 = {
						CreatedOnToolsVersion = 14.3.1;
						TestTargetID = 7D6734AE2A96334B00CBE9C1;
					};
				};
			};
			buildConfigurationList = 7D6734AA2A96334B00CBE9C1 /* Build configuration list for PBXProject "Chew-chew-SwiftUI" */;
			compatibilityVersion = "Xcode 14.0";
			developmentRegion = en;
			hasScannedForEncodings = 0;
			knownRegions = (
				en,
				Base,
			);
			mainGroup = 7D6734A62A96334B00CBE9C1;
			packageReferences = (
				7D02CE282A97E80D0048ADE6 /* XCRemoteSwiftPackageReference "swift-collections" */,
			);
			productRefGroup = 7D6734B02A96334B00CBE9C1 /* Products */;
			projectDirPath = "";
			projectRoot = "";
			targets = (
				7D6734AE2A96334B00CBE9C1 /* Chew-chew-SwiftUI */,
				7D6734BE2A96334C00CBE9C1 /* Chew-chew-SwiftUITests */,
				7D6734C82A96334D00CBE9C1 /* Chew-chew-SwiftUIUITests */,
			);
		};
/* End PBXProject section */

/* Begin PBXResourcesBuildPhase section */
		7D6734AD2A96334B00CBE9C1 /* Resources */ = {
			isa = PBXResourcesBuildPhase;
			buildActionMask = 2147483647;
			files = (
				7D6734BA2A96334C00CBE9C1 /* Preview Assets.xcassets in Resources */,
				7D6734B72A96334C00CBE9C1 /* Assets.xcassets in Resources */,
			);
			runOnlyForDeploymentPostprocessing = 0;
		};
		7D6734BD2A96334C00CBE9C1 /* Resources */ = {
			isa = PBXResourcesBuildPhase;
			buildActionMask = 2147483647;
			files = (
			);
			runOnlyForDeploymentPostprocessing = 0;
		};
		7D6734C72A96334D00CBE9C1 /* Resources */ = {
			isa = PBXResourcesBuildPhase;
			buildActionMask = 2147483647;
			files = (
			);
			runOnlyForDeploymentPostprocessing = 0;
		};
/* End PBXResourcesBuildPhase section */

/* Begin PBXSourcesBuildPhase section */
		7D6734AB2A96334B00CBE9C1 /* Sources */ = {
			isa = PBXSourcesBuildPhase;
			buildActionMask = 2147483647;
			files = (
				7D02CE092A97E32D0048ADE6 /* Model.swift in Sources */,
				7D02CE152A97E4940048ADE6 /* Constants.swift in Sources */,
				7D6734B52A96334B00CBE9C1 /* ContentView.swift in Sources */,
				7D02CE132A97E4700048ADE6 /* DateParcer.swift in Sources */,
				7DA8D34A2A9A118E005DF550 /* BadgesView.swift in Sources */,
				7D81AB262A978CDC0055AEAF /* DatePickerView.swift in Sources */,
				7DAF62C42A9F78D0006F1A17 /* SunEvent.swift in Sources */,
				7D6734DF2A96394E00CBE9C1 /* TimeChoosingView.swift in Sources */,
				7DAF62C22A9E8C2B006F1A17 /* Solar.swift in Sources */,
				7DAF62AD2A9E5417006F1A17 /* JourneyScrollViewHeader.swift in Sources */,
				7DAF62AB2A9E5327006F1A17 /* FillableButton.swift in Sources */,
				7D6734B32A96334B00CBE9C1 /* Chew_chew_SwiftUIApp.swift in Sources */,
				7DA8D3482A9A0E07005DF550 /* JourneyHeaderView.swift in Sources */,
				7D02CE1B2A97E5470048ADE6 /* ViewModel+ConstructJourneyData.swift in Sources */,
				7D02CE102A97E4100048ADE6 /* ViewDataSource.swift in Sources */,
				7D02CE192A97E5190048ADE6 /* ViewModel+ConstructJourneyData+Timeline.swift in Sources */,
				7D02CE1F2A97E5630048ADE6 /* ViewModel.swift in Sources */,
				7D02CE212A97E5700048ADE6 /* States.swift in Sources */,
				7DAF62B12A9E54E3006F1A17 /* JourneyScrollViewFooter.swift in Sources */,
				7D02CE342A98E8130048ADE6 /* JourneyView.swift in Sources */,
				7DAF62AF2A9E5494006F1A17 /* JourneyScrollViewLoader.swift in Sources */,
				7D02CE0B2A97E37D0048ADE6 /* DataSource.swift in Sources */,
				7D02CE272A97E6790048ADE6 /* ApiService.swift in Sources */,
				7D23E44C2A98FD700037C3E1 /* LegView.swift in Sources */,
				7D6734DD2A96370200CBE9C1 /* SearchFieldView.swift in Sources */,
				7D02CE302A97E96E0048ADE6 /* BadgeView.swift in Sources */,
				7D02CE232A97E64E0048ADE6 /* Query.swift in Sources */,
				7D02CE252A97E6620048ADE6 /* Errors.swift in Sources */,
				7D23E44A2A98F9800037C3E1 /* LegsView.swift in Sources */,
				7DAF62C02A9E6DED006F1A17 /* D-ticketLogo.swift in Sources */,
				7DAF62A92A9E52FF006F1A17 /* ObservableScrollView.swift in Sources */,
				7D02CE1D2A97E55D0048ADE6 /* ViewModel+Fetch.swift in Sources */,
				7DAF62B82A9E5A0B006F1A17 /* DatePickerTimePresetButtons.swift in Sources */,
			);
			runOnlyForDeploymentPostprocessing = 0;
		};
		7D6734BB2A96334C00CBE9C1 /* Sources */ = {
			isa = PBXSourcesBuildPhase;
			buildActionMask = 2147483647;
			files = (
				7D6734C42A96334C00CBE9C1 /* Chew_chew_SwiftUITests.swift in Sources */,
			);
			runOnlyForDeploymentPostprocessing = 0;
		};
		7D6734C52A96334D00CBE9C1 /* Sources */ = {
			isa = PBXSourcesBuildPhase;
			buildActionMask = 2147483647;
			files = (
				7D6734D02A96334D00CBE9C1 /* Chew_chew_SwiftUIUITestsLaunchTests.swift in Sources */,
				7D6734CE2A96334D00CBE9C1 /* Chew_chew_SwiftUIUITests.swift in Sources */,
			);
			runOnlyForDeploymentPostprocessing = 0;
		};
/* End PBXSourcesBuildPhase section */

/* Begin PBXTargetDependency section */
		7D6734C12A96334C00CBE9C1 /* PBXTargetDependency */ = {
			isa = PBXTargetDependency;
			target = 7D6734AE2A96334B00CBE9C1 /* Chew-chew-SwiftUI */;
			targetProxy = 7D6734C02A96334C00CBE9C1 /* PBXContainerItemProxy */;
		};
		7D6734CB2A96334D00CBE9C1 /* PBXTargetDependency */ = {
			isa = PBXTargetDependency;
			target = 7D6734AE2A96334B00CBE9C1 /* Chew-chew-SwiftUI */;
			targetProxy = 7D6734CA2A96334D00CBE9C1 /* PBXContainerItemProxy */;
		};
/* End PBXTargetDependency section */

/* Begin XCBuildConfiguration section */
		7D6734D12A96334D00CBE9C1 /* Debug */ = {
			isa = XCBuildConfiguration;
			buildSettings = {
				ALWAYS_SEARCH_USER_PATHS = NO;
				CLANG_ANALYZER_NONNULL = YES;
				CLANG_ANALYZER_NUMBER_OBJECT_CONVERSION = YES_AGGRESSIVE;
				CLANG_CXX_LANGUAGE_STANDARD = "gnu++20";
				CLANG_ENABLE_MODULES = YES;
				CLANG_ENABLE_OBJC_ARC = YES;
				CLANG_ENABLE_OBJC_WEAK = YES;
				CLANG_WARN_BLOCK_CAPTURE_AUTORELEASING = YES;
				CLANG_WARN_BOOL_CONVERSION = YES;
				CLANG_WARN_COMMA = YES;
				CLANG_WARN_CONSTANT_CONVERSION = YES;
				CLANG_WARN_DEPRECATED_OBJC_IMPLEMENTATIONS = YES;
				CLANG_WARN_DIRECT_OBJC_ISA_USAGE = YES_ERROR;
				CLANG_WARN_DOCUMENTATION_COMMENTS = YES;
				CLANG_WARN_EMPTY_BODY = YES;
				CLANG_WARN_ENUM_CONVERSION = YES;
				CLANG_WARN_INFINITE_RECURSION = YES;
				CLANG_WARN_INT_CONVERSION = YES;
				CLANG_WARN_NON_LITERAL_NULL_CONVERSION = YES;
				CLANG_WARN_OBJC_IMPLICIT_RETAIN_SELF = YES;
				CLANG_WARN_OBJC_LITERAL_CONVERSION = YES;
				CLANG_WARN_OBJC_ROOT_CLASS = YES_ERROR;
				CLANG_WARN_QUOTED_INCLUDE_IN_FRAMEWORK_HEADER = YES;
				CLANG_WARN_RANGE_LOOP_ANALYSIS = YES;
				CLANG_WARN_STRICT_PROTOTYPES = YES;
				CLANG_WARN_SUSPICIOUS_MOVE = YES;
				CLANG_WARN_UNGUARDED_AVAILABILITY = YES_AGGRESSIVE;
				CLANG_WARN_UNREACHABLE_CODE = YES;
				CLANG_WARN__DUPLICATE_METHOD_MATCH = YES;
				COPY_PHASE_STRIP = NO;
				DEBUG_INFORMATION_FORMAT = dwarf;
				ENABLE_STRICT_OBJC_MSGSEND = YES;
				ENABLE_TESTABILITY = YES;
				GCC_C_LANGUAGE_STANDARD = gnu11;
				GCC_DYNAMIC_NO_PIC = NO;
				GCC_NO_COMMON_BLOCKS = YES;
				GCC_OPTIMIZATION_LEVEL = 0;
				GCC_PREPROCESSOR_DEFINITIONS = (
					"DEBUG=1",
					"$(inherited)",
				);
				GCC_WARN_64_TO_32_BIT_CONVERSION = YES;
				GCC_WARN_ABOUT_RETURN_TYPE = YES_ERROR;
				GCC_WARN_UNDECLARED_SELECTOR = YES;
				GCC_WARN_UNINITIALIZED_AUTOS = YES_AGGRESSIVE;
				GCC_WARN_UNUSED_FUNCTION = YES;
				GCC_WARN_UNUSED_VARIABLE = YES;
				IPHONEOS_DEPLOYMENT_TARGET = 16.4;
				MTL_ENABLE_DEBUG_INFO = INCLUDE_SOURCE;
				MTL_FAST_MATH = YES;
				ONLY_ACTIVE_ARCH = YES;
				SDKROOT = iphoneos;
				SWIFT_ACTIVE_COMPILATION_CONDITIONS = DEBUG;
				SWIFT_OPTIMIZATION_LEVEL = "-Onone";
			};
			name = Debug;
		};
		7D6734D22A96334D00CBE9C1 /* Release */ = {
			isa = XCBuildConfiguration;
			buildSettings = {
				ALWAYS_SEARCH_USER_PATHS = NO;
				CLANG_ANALYZER_NONNULL = YES;
				CLANG_ANALYZER_NUMBER_OBJECT_CONVERSION = YES_AGGRESSIVE;
				CLANG_CXX_LANGUAGE_STANDARD = "gnu++20";
				CLANG_ENABLE_MODULES = YES;
				CLANG_ENABLE_OBJC_ARC = YES;
				CLANG_ENABLE_OBJC_WEAK = YES;
				CLANG_WARN_BLOCK_CAPTURE_AUTORELEASING = YES;
				CLANG_WARN_BOOL_CONVERSION = YES;
				CLANG_WARN_COMMA = YES;
				CLANG_WARN_CONSTANT_CONVERSION = YES;
				CLANG_WARN_DEPRECATED_OBJC_IMPLEMENTATIONS = YES;
				CLANG_WARN_DIRECT_OBJC_ISA_USAGE = YES_ERROR;
				CLANG_WARN_DOCUMENTATION_COMMENTS = YES;
				CLANG_WARN_EMPTY_BODY = YES;
				CLANG_WARN_ENUM_CONVERSION = YES;
				CLANG_WARN_INFINITE_RECURSION = YES;
				CLANG_WARN_INT_CONVERSION = YES;
				CLANG_WARN_NON_LITERAL_NULL_CONVERSION = YES;
				CLANG_WARN_OBJC_IMPLICIT_RETAIN_SELF = YES;
				CLANG_WARN_OBJC_LITERAL_CONVERSION = YES;
				CLANG_WARN_OBJC_ROOT_CLASS = YES_ERROR;
				CLANG_WARN_QUOTED_INCLUDE_IN_FRAMEWORK_HEADER = YES;
				CLANG_WARN_RANGE_LOOP_ANALYSIS = YES;
				CLANG_WARN_STRICT_PROTOTYPES = YES;
				CLANG_WARN_SUSPICIOUS_MOVE = YES;
				CLANG_WARN_UNGUARDED_AVAILABILITY = YES_AGGRESSIVE;
				CLANG_WARN_UNREACHABLE_CODE = YES;
				CLANG_WARN__DUPLICATE_METHOD_MATCH = YES;
				COPY_PHASE_STRIP = NO;
				DEBUG_INFORMATION_FORMAT = "dwarf-with-dsym";
				ENABLE_NS_ASSERTIONS = NO;
				ENABLE_STRICT_OBJC_MSGSEND = YES;
				GCC_C_LANGUAGE_STANDARD = gnu11;
				GCC_NO_COMMON_BLOCKS = YES;
				GCC_WARN_64_TO_32_BIT_CONVERSION = YES;
				GCC_WARN_ABOUT_RETURN_TYPE = YES_ERROR;
				GCC_WARN_UNDECLARED_SELECTOR = YES;
				GCC_WARN_UNINITIALIZED_AUTOS = YES_AGGRESSIVE;
				GCC_WARN_UNUSED_FUNCTION = YES;
				GCC_WARN_UNUSED_VARIABLE = YES;
				IPHONEOS_DEPLOYMENT_TARGET = 16.4;
				MTL_ENABLE_DEBUG_INFO = NO;
				MTL_FAST_MATH = YES;
				SDKROOT = iphoneos;
				SWIFT_COMPILATION_MODE = wholemodule;
				SWIFT_OPTIMIZATION_LEVEL = "-O";
				VALIDATE_PRODUCT = YES;
			};
			name = Release;
		};
		7D6734D42A96334D00CBE9C1 /* Debug */ = {
			isa = XCBuildConfiguration;
			buildSettings = {
				ASSETCATALOG_COMPILER_APPICON_NAME = AppIcon;
				ASSETCATALOG_COMPILER_GLOBAL_ACCENT_COLOR_NAME = AccentColor;
				CODE_SIGN_STYLE = Automatic;
				CURRENT_PROJECT_VERSION = 1;
				DEVELOPMENT_ASSET_PATHS = "\"Chew-chew-SwiftUI/Preview Content\"";
				DEVELOPMENT_TEAM = M82325R967;
				ENABLE_PREVIEWS = YES;
				GENERATE_INFOPLIST_FILE = YES;
				INFOPLIST_KEY_UIApplicationSceneManifest_Generation = YES;
				INFOPLIST_KEY_UIApplicationSupportsIndirectInputEvents = YES;
				INFOPLIST_KEY_UILaunchScreen_Generation = YES;
				INFOPLIST_KEY_UISupportedInterfaceOrientations_iPad = "UIInterfaceOrientationPortrait UIInterfaceOrientationPortraitUpsideDown UIInterfaceOrientationLandscapeLeft UIInterfaceOrientationLandscapeRight";
				INFOPLIST_KEY_UISupportedInterfaceOrientations_iPhone = "UIInterfaceOrientationPortrait UIInterfaceOrientationLandscapeLeft UIInterfaceOrientationLandscapeRight";
				IPHONEOS_DEPLOYMENT_TARGET = 15.0;
				LD_RUNPATH_SEARCH_PATHS = (
					"$(inherited)",
					"@executable_path/Frameworks",
				);
				MARKETING_VERSION = 1.0;
				PRODUCT_BUNDLE_IDENTIFIER = "fcody.Chew-chew-SwiftUI";
				PRODUCT_NAME = "$(TARGET_NAME)";
				SUPPORTED_PLATFORMS = "iphoneos iphonesimulator";
				SUPPORTS_MACCATALYST = NO;
				SUPPORTS_MAC_DESIGNED_FOR_IPHONE_IPAD = NO;
				SWIFT_EMIT_LOC_STRINGS = YES;
				SWIFT_VERSION = 5.0;
				TARGETED_DEVICE_FAMILY = 1;
			};
			name = Debug;
		};
		7D6734D52A96334D00CBE9C1 /* Release */ = {
			isa = XCBuildConfiguration;
			buildSettings = {
				ASSETCATALOG_COMPILER_APPICON_NAME = AppIcon;
				ASSETCATALOG_COMPILER_GLOBAL_ACCENT_COLOR_NAME = AccentColor;
				CODE_SIGN_STYLE = Automatic;
				CURRENT_PROJECT_VERSION = 1;
				DEVELOPMENT_ASSET_PATHS = "\"Chew-chew-SwiftUI/Preview Content\"";
				DEVELOPMENT_TEAM = M82325R967;
				ENABLE_PREVIEWS = YES;
				GENERATE_INFOPLIST_FILE = YES;
				INFOPLIST_KEY_UIApplicationSceneManifest_Generation = YES;
				INFOPLIST_KEY_UIApplicationSupportsIndirectInputEvents = YES;
				INFOPLIST_KEY_UILaunchScreen_Generation = YES;
				INFOPLIST_KEY_UISupportedInterfaceOrientations_iPad = "UIInterfaceOrientationPortrait UIInterfaceOrientationPortraitUpsideDown UIInterfaceOrientationLandscapeLeft UIInterfaceOrientationLandscapeRight";
				INFOPLIST_KEY_UISupportedInterfaceOrientations_iPhone = "UIInterfaceOrientationPortrait UIInterfaceOrientationLandscapeLeft UIInterfaceOrientationLandscapeRight";
				IPHONEOS_DEPLOYMENT_TARGET = 15.0;
				LD_RUNPATH_SEARCH_PATHS = (
					"$(inherited)",
					"@executable_path/Frameworks",
				);
				MARKETING_VERSION = 1.0;
				PRODUCT_BUNDLE_IDENTIFIER = "fcody.Chew-chew-SwiftUI";
				PRODUCT_NAME = "$(TARGET_NAME)";
				SUPPORTED_PLATFORMS = "iphoneos iphonesimulator";
				SUPPORTS_MACCATALYST = NO;
				SUPPORTS_MAC_DESIGNED_FOR_IPHONE_IPAD = NO;
				SWIFT_EMIT_LOC_STRINGS = YES;
				SWIFT_VERSION = 5.0;
				TARGETED_DEVICE_FAMILY = 1;
			};
			name = Release;
		};
		7D6734D72A96334D00CBE9C1 /* Debug */ = {
			isa = XCBuildConfiguration;
			buildSettings = {
				ALWAYS_EMBED_SWIFT_STANDARD_LIBRARIES = YES;
				BUNDLE_LOADER = "$(TEST_HOST)";
				CODE_SIGN_STYLE = Automatic;
				CURRENT_PROJECT_VERSION = 1;
				DEVELOPMENT_TEAM = M82325R967;
				GENERATE_INFOPLIST_FILE = YES;
				IPHONEOS_DEPLOYMENT_TARGET = 16.4;
				MARKETING_VERSION = 1.0;
				PRODUCT_BUNDLE_IDENTIFIER = "fcody.Chew-chew-SwiftUITests";
				PRODUCT_NAME = "$(TARGET_NAME)";
				SWIFT_EMIT_LOC_STRINGS = NO;
				SWIFT_VERSION = 5.0;
				TARGETED_DEVICE_FAMILY = "1,2";
				TEST_HOST = "$(BUILT_PRODUCTS_DIR)/Chew-chew-SwiftUI.app/$(BUNDLE_EXECUTABLE_FOLDER_PATH)/Chew-chew-SwiftUI";
			};
			name = Debug;
		};
		7D6734D82A96334D00CBE9C1 /* Release */ = {
			isa = XCBuildConfiguration;
			buildSettings = {
				ALWAYS_EMBED_SWIFT_STANDARD_LIBRARIES = YES;
				BUNDLE_LOADER = "$(TEST_HOST)";
				CODE_SIGN_STYLE = Automatic;
				CURRENT_PROJECT_VERSION = 1;
				DEVELOPMENT_TEAM = M82325R967;
				GENERATE_INFOPLIST_FILE = YES;
				IPHONEOS_DEPLOYMENT_TARGET = 16.4;
				MARKETING_VERSION = 1.0;
				PRODUCT_BUNDLE_IDENTIFIER = "fcody.Chew-chew-SwiftUITests";
				PRODUCT_NAME = "$(TARGET_NAME)";
				SWIFT_EMIT_LOC_STRINGS = NO;
				SWIFT_VERSION = 5.0;
				TARGETED_DEVICE_FAMILY = "1,2";
				TEST_HOST = "$(BUILT_PRODUCTS_DIR)/Chew-chew-SwiftUI.app/$(BUNDLE_EXECUTABLE_FOLDER_PATH)/Chew-chew-SwiftUI";
			};
			name = Release;
		};
		7D6734DA2A96334D00CBE9C1 /* Debug */ = {
			isa = XCBuildConfiguration;
			buildSettings = {
				ALWAYS_EMBED_SWIFT_STANDARD_LIBRARIES = YES;
				CODE_SIGN_STYLE = Automatic;
				CURRENT_PROJECT_VERSION = 1;
				DEVELOPMENT_TEAM = M82325R967;
				GENERATE_INFOPLIST_FILE = YES;
				MARKETING_VERSION = 1.0;
				PRODUCT_BUNDLE_IDENTIFIER = "fcody.Chew-chew-SwiftUIUITests";
				PRODUCT_NAME = "$(TARGET_NAME)";
				SWIFT_EMIT_LOC_STRINGS = NO;
				SWIFT_VERSION = 5.0;
				TARGETED_DEVICE_FAMILY = "1,2";
				TEST_TARGET_NAME = "Chew-chew-SwiftUI";
			};
			name = Debug;
		};
		7D6734DB2A96334D00CBE9C1 /* Release */ = {
			isa = XCBuildConfiguration;
			buildSettings = {
				ALWAYS_EMBED_SWIFT_STANDARD_LIBRARIES = YES;
				CODE_SIGN_STYLE = Automatic;
				CURRENT_PROJECT_VERSION = 1;
				DEVELOPMENT_TEAM = M82325R967;
				GENERATE_INFOPLIST_FILE = YES;
				MARKETING_VERSION = 1.0;
				PRODUCT_BUNDLE_IDENTIFIER = "fcody.Chew-chew-SwiftUIUITests";
				PRODUCT_NAME = "$(TARGET_NAME)";
				SWIFT_EMIT_LOC_STRINGS = NO;
				SWIFT_VERSION = 5.0;
				TARGETED_DEVICE_FAMILY = "1,2";
				TEST_TARGET_NAME = "Chew-chew-SwiftUI";
			};
			name = Release;
		};
/* End XCBuildConfiguration section */

/* Begin XCConfigurationList section */
		7D6734AA2A96334B00CBE9C1 /* Build configuration list for PBXProject "Chew-chew-SwiftUI" */ = {
			isa = XCConfigurationList;
			buildConfigurations = (
				7D6734D12A96334D00CBE9C1 /* Debug */,
				7D6734D22A96334D00CBE9C1 /* Release */,
			);
			defaultConfigurationIsVisible = 0;
			defaultConfigurationName = Release;
		};
		7D6734D32A96334D00CBE9C1 /* Build configuration list for PBXNativeTarget "Chew-chew-SwiftUI" */ = {
			isa = XCConfigurationList;
			buildConfigurations = (
				7D6734D42A96334D00CBE9C1 /* Debug */,
				7D6734D52A96334D00CBE9C1 /* Release */,
			);
			defaultConfigurationIsVisible = 0;
			defaultConfigurationName = Release;
		};
		7D6734D62A96334D00CBE9C1 /* Build configuration list for PBXNativeTarget "Chew-chew-SwiftUITests" */ = {
			isa = XCConfigurationList;
			buildConfigurations = (
				7D6734D72A96334D00CBE9C1 /* Debug */,
				7D6734D82A96334D00CBE9C1 /* Release */,
			);
			defaultConfigurationIsVisible = 0;
			defaultConfigurationName = Release;
		};
		7D6734D92A96334D00CBE9C1 /* Build configuration list for PBXNativeTarget "Chew-chew-SwiftUIUITests" */ = {
			isa = XCConfigurationList;
			buildConfigurations = (
				7D6734DA2A96334D00CBE9C1 /* Debug */,
				7D6734DB2A96334D00CBE9C1 /* Release */,
			);
			defaultConfigurationIsVisible = 0;
			defaultConfigurationName = Release;
		};
/* End XCConfigurationList section */

/* Begin XCRemoteSwiftPackageReference section */
		7D02CE282A97E80D0048ADE6 /* XCRemoteSwiftPackageReference "swift-collections" */ = {
			isa = XCRemoteSwiftPackageReference;
			repositoryURL = "https://github.com/apple/swift-collections.git";
			requirement = {
				kind = upToNextMajorVersion;
				minimumVersion = 1.0.0;
			};
		};
/* End XCRemoteSwiftPackageReference section */

/* Begin XCSwiftPackageProductDependency section */
		7D02CE292A97E80D0048ADE6 /* Collections */ = {
			isa = XCSwiftPackageProductDependency;
			package = 7D02CE282A97E80D0048ADE6 /* XCRemoteSwiftPackageReference "swift-collections" */;
			productName = Collections;
		};
		7D02CE2B2A97E80D0048ADE6 /* DequeModule */ = {
			isa = XCSwiftPackageProductDependency;
			package = 7D02CE282A97E80D0048ADE6 /* XCRemoteSwiftPackageReference "swift-collections" */;
			productName = DequeModule;
		};
		7D02CE2D2A97E80D0048ADE6 /* OrderedCollections */ = {
			isa = XCSwiftPackageProductDependency;
			package = 7D02CE282A97E80D0048ADE6 /* XCRemoteSwiftPackageReference "swift-collections" */;
			productName = OrderedCollections;
		};
/* End XCSwiftPackageProductDependency section */
	};
	rootObject = 7D6734A72A96334B00CBE9C1 /* Project object */;
}
